// !$*UTF8*$!
{
	archiveVersion = 1;
	classes = {
	};
	objectVersion = 46;
	objects = {

/* Begin PBXBuildFile section */
		18C90C041DAF78DF0053F8D7 /* AppDelegate.swift in Sources */ = {isa = PBXBuildFile; fileRef = 18C90C031DAF78DF0053F8D7 /* AppDelegate.swift */; };
		18C90C061DAF78DF0053F8D7 /* ViewController.swift in Sources */ = {isa = PBXBuildFile; fileRef = 18C90C051DAF78DF0053F8D7 /* ViewController.swift */; };
		18C90C091DAF78DF0053F8D7 /* Main.storyboard in Resources */ = {isa = PBXBuildFile; fileRef = 18C90C071DAF78DF0053F8D7 /* Main.storyboard */; };
		18C90C0C1DAF78DF0053F8D7 /* CoupCon.xcdatamodeld in Sources */ = {isa = PBXBuildFile; fileRef = 18C90C0A1DAF78DF0053F8D7 /* CoupCon.xcdatamodeld */; };
		18C90C0E1DAF78DF0053F8D7 /* Assets.xcassets in Resources */ = {isa = PBXBuildFile; fileRef = 18C90C0D1DAF78DF0053F8D7 /* Assets.xcassets */; };
		18C90C111DAF78DF0053F8D7 /* LaunchScreen.storyboard in Resources */ = {isa = PBXBuildFile; fileRef = 18C90C0F1DAF78DF0053F8D7 /* LaunchScreen.storyboard */; };
		18C90C1C1DAF78DF0053F8D7 /* CoupConTests.swift in Sources */ = {isa = PBXBuildFile; fileRef = 18C90C1B1DAF78DF0053F8D7 /* CoupConTests.swift */; };
		18C90C271DAF78DF0053F8D7 /* CoupConUITests.swift in Sources */ = {isa = PBXBuildFile; fileRef = 18C90C261DAF78DF0053F8D7 /* CoupConUITests.swift */; };
/* End PBXBuildFile section */

/* Begin PBXContainerItemProxy section */
		18C90C181DAF78DF0053F8D7 /* PBXContainerItemProxy */ = {
			isa = PBXContainerItemProxy;
			containerPortal = 18C90BF81DAF78DF0053F8D7 /* Project object */;
			proxyType = 1;
			remoteGlobalIDString = 18C90BFF1DAF78DF0053F8D7;
			remoteInfo = CoupCon;
		};
		18C90C231DAF78DF0053F8D7 /* PBXContainerItemProxy */ = {
			isa = PBXContainerItemProxy;
			containerPortal = 18C90BF81DAF78DF0053F8D7 /* Project object */;
			proxyType = 1;
			remoteGlobalIDString = 18C90BFF1DAF78DF0053F8D7;
			remoteInfo = CoupCon;
		};
/* End PBXContainerItemProxy section */

/* Begin PBXFileReference section */
		18C90C001DAF78DF0053F8D7 /* CoupCon.app */ = {isa = PBXFileReference; explicitFileType = wrapper.application; includeInIndex = 0; path = CoupCon.app; sourceTree = BUILT_PRODUCTS_DIR; };
		18C90C031DAF78DF0053F8D7 /* AppDelegate.swift */ = {isa = PBXFileReference; lastKnownFileType = sourcecode.swift; path = AppDelegate.swift; sourceTree = "<group>"; };
		18C90C051DAF78DF0053F8D7 /* ViewController.swift */ = {isa = PBXFileReference; lastKnownFileType = sourcecode.swift; path = ViewController.swift; sourceTree = "<group>"; };
		18C90C081DAF78DF0053F8D7 /* Base */ = {isa = PBXFileReference; lastKnownFileType = file.storyboard; name = Base; path = Base.lproj/Main.storyboard; sourceTree = "<group>"; };
		18C90C0B1DAF78DF0053F8D7 /* CoupCon.xcdatamodel */ = {isa = PBXFileReference; lastKnownFileType = wrapper.xcdatamodel; path = CoupCon.xcdatamodel; sourceTree = "<group>"; };
		18C90C0D1DAF78DF0053F8D7 /* Assets.xcassets */ = {isa = PBXFileReference; lastKnownFileType = folder.assetcatalog; path = Assets.xcassets; sourceTree = "<group>"; };
		18C90C101DAF78DF0053F8D7 /* Base */ = {isa = PBXFileReference; lastKnownFileType = file.storyboard; name = Base; path = Base.lproj/LaunchScreen.storyboard; sourceTree = "<group>"; };
		18C90C121DAF78DF0053F8D7 /* Info.plist */ = {isa = PBXFileReference; lastKnownFileType = text.plist.xml; path = Info.plist; sourceTree = "<group>"; };
		18C90C171DAF78DF0053F8D7 /* CoupConTests.xctest */ = {isa = PBXFileReference; explicitFileType = wrapper.cfbundle; includeInIndex = 0; path = CoupConTests.xctest; sourceTree = BUILT_PRODUCTS_DIR; };
		18C90C1B1DAF78DF0053F8D7 /* CoupConTests.swift */ = {isa = PBXFileReference; lastKnownFileType = sourcecode.swift; path = CoupConTests.swift; sourceTree = "<group>"; };
		18C90C1D1DAF78DF0053F8D7 /* Info.plist */ = {isa = PBXFileReference; lastKnownFileType = text.plist.xml; path = Info.plist; sourceTree = "<group>"; };
		18C90C221DAF78DF0053F8D7 /* CoupConUITests.xctest */ = {isa = PBXFileReference; explicitFileType = wrapper.cfbundle; includeInIndex = 0; path = CoupConUITests.xctest; sourceTree = BUILT_PRODUCTS_DIR; };
		18C90C261DAF78DF0053F8D7 /* CoupConUITests.swift */ = {isa = PBXFileReference; lastKnownFileType = sourcecode.swift; path = CoupConUITests.swift; sourceTree = "<group>"; };
		18C90C281DAF78DF0053F8D7 /* Info.plist */ = {isa = PBXFileReference; lastKnownFileType = text.plist.xml; path = Info.plist; sourceTree = "<group>"; };
/* End PBXFileReference section */

/* Begin PBXFrameworksBuildPhase section */
		18C90BFD1DAF78DF0053F8D7 /* Frameworks */ = {
			isa = PBXFrameworksBuildPhase;
			buildActionMask = 2147483647;
			files = (
			);
			runOnlyForDeploymentPostprocessing = 0;
		};
		18C90C141DAF78DF0053F8D7 /* Frameworks */ = {
			isa = PBXFrameworksBuildPhase;
			buildActionMask = 2147483647;
			files = (
			);
			runOnlyForDeploymentPostprocessing = 0;
		};
		18C90C1F1DAF78DF0053F8D7 /* Frameworks */ = {
			isa = PBXFrameworksBuildPhase;
			buildActionMask = 2147483647;
			files = (
			);
			runOnlyForDeploymentPostprocessing = 0;
		};
/* End PBXFrameworksBuildPhase section */

/* Begin PBXGroup section */
		18C90BF71DAF78DF0053F8D7 = {
			isa = PBXGroup;
			children = (
				18C90C021DAF78DF0053F8D7 /* CoupCon */,
				18C90C1A1DAF78DF0053F8D7 /* CoupConTests */,
				18C90C251DAF78DF0053F8D7 /* CoupConUITests */,
				18C90C011DAF78DF0053F8D7 /* Products */,
			);
			sourceTree = "<group>";
		};
		18C90C011DAF78DF0053F8D7 /* Products */ = {
			isa = PBXGroup;
			children = (
				18C90C001DAF78DF0053F8D7 /* CoupCon.app */,
				18C90C171DAF78DF0053F8D7 /* CoupConTests.xctest */,
				18C90C221DAF78DF0053F8D7 /* CoupConUITests.xctest */,
			);
			name = Products;
			sourceTree = "<group>";
		};
		18C90C021DAF78DF0053F8D7 /* CoupCon */ = {
			isa = PBXGroup;
			children = (
				18C90C031DAF78DF0053F8D7 /* AppDelegate.swift */,
				18C90C051DAF78DF0053F8D7 /* ViewController.swift */,
				18C90C071DAF78DF0053F8D7 /* Main.storyboard */,
				18C90C0D1DAF78DF0053F8D7 /* Assets.xcassets */,
				18C90C0F1DAF78DF0053F8D7 /* LaunchScreen.storyboard */,
				18C90C121DAF78DF0053F8D7 /* Info.plist */,
				18C90C0A1DAF78DF0053F8D7 /* CoupCon.xcdatamodeld */,
			);
			path = CoupCon;
			sourceTree = "<group>";
		};
		18C90C1A1DAF78DF0053F8D7 /* CoupConTests */ = {
			isa = PBXGroup;
			children = (
				18C90C1B1DAF78DF0053F8D7 /* CoupConTests.swift */,
				18C90C1D1DAF78DF0053F8D7 /* Info.plist */,
			);
			path = CoupConTests;
			sourceTree = "<group>";
		};
		18C90C251DAF78DF0053F8D7 /* CoupConUITests */ = {
			isa = PBXGroup;
			children = (
				18C90C261DAF78DF0053F8D7 /* CoupConUITests.swift */,
				18C90C281DAF78DF0053F8D7 /* Info.plist */,
			);
			path = CoupConUITests;
			sourceTree = "<group>";
		};
/* End PBXGroup section */

/* Begin PBXNativeTarget section */
		18C90BFF1DAF78DF0053F8D7 /* CoupCon */ = {
			isa = PBXNativeTarget;
			buildConfigurationList = 18C90C2B1DAF78DF0053F8D7 /* Build configuration list for PBXNativeTarget "CoupCon" */;
			buildPhases = (
				18C90BFC1DAF78DF0053F8D7 /* Sources */,
				18C90BFD1DAF78DF0053F8D7 /* Frameworks */,
				18C90BFE1DAF78DF0053F8D7 /* Resources */,
			);
			buildRules = (
			);
			dependencies = (
			);
			name = CoupCon;
			productName = CoupCon;
			productReference = 18C90C001DAF78DF0053F8D7 /* CoupCon.app */;
			productType = "com.apple.product-type.application";
		};
		18C90C161DAF78DF0053F8D7 /* CoupConTests */ = {
			isa = PBXNativeTarget;
			buildConfigurationList = 18C90C2E1DAF78DF0053F8D7 /* Build configuration list for PBXNativeTarget "CoupConTests" */;
			buildPhases = (
				18C90C131DAF78DF0053F8D7 /* Sources */,
				18C90C141DAF78DF0053F8D7 /* Frameworks */,
				18C90C151DAF78DF0053F8D7 /* Resources */,
			);
			buildRules = (
			);
			dependencies = (
				18C90C191DAF78DF0053F8D7 /* PBXTargetDependency */,
			);
			name = CoupConTests;
			productName = CoupConTests;
			productReference = 18C90C171DAF78DF0053F8D7 /* CoupConTests.xctest */;
			productType = "com.apple.product-type.bundle.unit-test";
		};
		18C90C211DAF78DF0053F8D7 /* CoupConUITests */ = {
			isa = PBXNativeTarget;
			buildConfigurationList = 18C90C311DAF78DF0053F8D7 /* Build configuration list for PBXNativeTarget "CoupConUITests" */;
			buildPhases = (
				18C90C1E1DAF78DF0053F8D7 /* Sources */,
				18C90C1F1DAF78DF0053F8D7 /* Frameworks */,
				18C90C201DAF78DF0053F8D7 /* Resources */,
			);
			buildRules = (
			);
			dependencies = (
				18C90C241DAF78DF0053F8D7 /* PBXTargetDependency */,
			);
			name = CoupConUITests;
			productName = CoupConUITests;
			productReference = 18C90C221DAF78DF0053F8D7 /* CoupConUITests.xctest */;
			productType = "com.apple.product-type.bundle.ui-testing";
		};
/* End PBXNativeTarget section */

/* Begin PBXProject section */
		18C90BF81DAF78DF0053F8D7 /* Project object */ = {
			isa = PBXProject;
			attributes = {
				LastSwiftUpdateCheck = 0730;
				LastUpgradeCheck = 0730;
				ORGANIZATIONNAME = CX;
				TargetAttributes = {
					18C90BFF1DAF78DF0053F8D7 = {
						CreatedOnToolsVersion = 7.3;
					};
					18C90C161DAF78DF0053F8D7 = {
						CreatedOnToolsVersion = 7.3;
						TestTargetID = 18C90BFF1DAF78DF0053F8D7;
					};
					18C90C211DAF78DF0053F8D7 = {
						CreatedOnToolsVersion = 7.3;
						TestTargetID = 18C90BFF1DAF78DF0053F8D7;
					};
				};
			};
			buildConfigurationList = 18C90BFB1DAF78DF0053F8D7 /* Build configuration list for PBXProject "CoupCon" */;
			compatibilityVersion = "Xcode 3.2";
			developmentRegion = English;
			hasScannedForEncodings = 0;
			knownRegions = (
				en,
				Base,
			);
			mainGroup = 18C90BF71DAF78DF0053F8D7;
			productRefGroup = 18C90C011DAF78DF0053F8D7 /* Products */;
			projectDirPath = "";
			projectRoot = "";
			targets = (
				18C90BFF1DAF78DF0053F8D7 /* CoupCon */,
				18C90C161DAF78DF0053F8D7 /* CoupConTests */,
				18C90C211DAF78DF0053F8D7 /* CoupConUITests */,
			);
		};
/* End PBXProject section */

/* Begin PBXResourcesBuildPhase section */
		18C90BFE1DAF78DF0053F8D7 /* Resources */ = {
			isa = PBXResourcesBuildPhase;
			buildActionMask = 2147483647;
			files = (
				18C90C111DAF78DF0053F8D7 /* LaunchScreen.storyboard in Resources */,
				18C90C0E1DAF78DF0053F8D7 /* Assets.xcassets in Resources */,
				18C90C091DAF78DF0053F8D7 /* Main.storyboard in Resources */,
			);
			runOnlyForDeploymentPostprocessing = 0;
		};
		18C90C151DAF78DF0053F8D7 /* Resources */ = {
			isa = PBXResourcesBuildPhase;
			buildActionMask = 2147483647;
			files = (
			);
			runOnlyForDeploymentPostprocessing = 0;
		};
		18C90C201DAF78DF0053F8D7 /* Resources */ = {
			isa = PBXResourcesBuildPhase;
			buildActionMask = 2147483647;
			files = (
			);
			runOnlyForDeploymentPostprocessing = 0;
		};
/* End PBXResourcesBuildPhase section */

/* Begin PBXSourcesBuildPhase section */
		18C90BFC1DAF78DF0053F8D7 /* Sources */ = {
			isa = PBXSourcesBuildPhase;
			buildActionMask = 2147483647;
			files = (
				18C90C0C1DAF78DF0053F8D7 /* CoupCon.xcdatamodeld in Sources */,
				18C90C061DAF78DF0053F8D7 /* ViewController.swift in Sources */,
				18C90C041DAF78DF0053F8D7 /* AppDelegate.swift in Sources */,
			);
			runOnlyForDeploymentPostprocessing = 0;
		};
		18C90C131DAF78DF0053F8D7 /* Sources */ = {
			isa = PBXSourcesBuildPhase;
			buildActionMask = 2147483647;
			files = (
				18C90C1C1DAF78DF0053F8D7 /* CoupConTests.swift in Sources */,
			);
			runOnlyForDeploymentPostprocessing = 0;
		};
		18C90C1E1DAF78DF0053F8D7 /* Sources */ = {
			isa = PBXSourcesBuildPhase;
			buildActionMask = 2147483647;
			files = (
				18C90C271DAF78DF0053F8D7 /* CoupConUITests.swift in Sources */,
			);
			runOnlyForDeploymentPostprocessing = 0;
		};
/* End PBXSourcesBuildPhase section */

/* Begin PBXTargetDependency section */
		18C90C191DAF78DF0053F8D7 /* PBXTargetDependency */ = {
			isa = PBXTargetDependency;
			target = 18C90BFF1DAF78DF0053F8D7 /* CoupCon */;
			targetProxy = 18C90C181DAF78DF0053F8D7 /* PBXContainerItemProxy */;
		};
		18C90C241DAF78DF0053F8D7 /* PBXTargetDependency */ = {
			isa = PBXTargetDependency;
			target = 18C90BFF1DAF78DF0053F8D7 /* CoupCon */;
			targetProxy = 18C90C231DAF78DF0053F8D7 /* PBXContainerItemProxy */;
		};
/* End PBXTargetDependency section */

/* Begin PBXVariantGroup section */
		18C90C071DAF78DF0053F8D7 /* Main.storyboard */ = {
			isa = PBXVariantGroup;
			children = (
				18C90C081DAF78DF0053F8D7 /* Base */,
			);
			name = Main.storyboard;
			sourceTree = "<group>";
		};
		18C90C0F1DAF78DF0053F8D7 /* LaunchScreen.storyboard */ = {
			isa = PBXVariantGroup;
			children = (
				18C90C101DAF78DF0053F8D7 /* Base */,
			);
			name = LaunchScreen.storyboard;
			sourceTree = "<group>";
		};
/* End PBXVariantGroup section */

/* Begin XCBuildConfiguration section */
		18C90C291DAF78DF0053F8D7 /* Debug */ = {
			isa = XCBuildConfiguration;
			buildSettings = {
				ALWAYS_SEARCH_USER_PATHS = NO;
				CLANG_ANALYZER_NONNULL = YES;
				CLANG_CXX_LANGUAGE_STANDARD = "gnu++0x";
				CLANG_CXX_LIBRARY = "libc++";
				CLANG_ENABLE_MODULES = YES;
				CLANG_ENABLE_OBJC_ARC = YES;
				CLANG_WARN_BOOL_CONVERSION = YES;
				CLANG_WARN_CONSTANT_CONVERSION = YES;
				CLANG_WARN_DIRECT_OBJC_ISA_USAGE = YES_ERROR;
				CLANG_WARN_EMPTY_BODY = YES;
				CLANG_WARN_ENUM_CONVERSION = YES;
				CLANG_WARN_INT_CONVERSION = YES;
				CLANG_WARN_OBJC_ROOT_CLASS = YES_ERROR;
				CLANG_WARN_UNREACHABLE_CODE = YES;
				CLANG_WARN__DUPLICATE_METHOD_MATCH = YES;
				"CODE_SIGN_IDENTITY[sdk=iphoneos*]" = "iPhone Developer";
				COPY_PHASE_STRIP = NO;
				DEBUG_INFORMATION_FORMAT = dwarf;
				ENABLE_STRICT_OBJC_MSGSEND = YES;
				ENABLE_TESTABILITY = YES;
				GCC_C_LANGUAGE_STANDARD = gnu99;
				GCC_DYNAMIC_NO_PIC = NO;
				GCC_NO_COMMON_BLOCKS = YES;
				GCC_OPTIMIZATION_LEVEL = 0;
				GCC_PREPROCESSOR_DEFINITIONS = (
					"DEBUG=1",
					"$(inherited)",
				);
				GCC_WARN_64_TO_32_BIT_CONVERSION = YES;
				GCC_WARN_ABOUT_RETURN_TYPE = YES_ERROR;
				GCC_WARN_UNDECLARED_SELECTOR = YES;
				GCC_WARN_UNINITIALIZED_AUTOS = YES_AGGRESSIVE;
				GCC_WARN_UNUSED_FUNCTION = YES;
				GCC_WARN_UNUSED_VARIABLE = YES;
				IPHONEOS_DEPLOYMENT_TARGET = 9.3;
				MTL_ENABLE_DEBUG_INFO = YES;
				ONLY_ACTIVE_ARCH = YES;
				SDKROOT = iphoneos;
				SWIFT_OPTIMIZATION_LEVEL = "-Onone";
			};
			name = Debug;
		};
		18C90C2A1DAF78DF0053F8D7 /* Release */ = {
			isa = XCBuildConfiguration;
			buildSettings = {
				ALWAYS_SEARCH_USER_PATHS = NO;
				CLANG_ANALYZER_NONNULL = YES;
				CLANG_CXX_LANGUAGE_STANDARD = "gnu++0x";
				CLANG_CXX_LIBRARY = "libc++";
				CLANG_ENABLE_MODULES = YES;
				CLANG_ENABLE_OBJC_ARC = YES;
				CLANG_WARN_BOOL_CONVERSION = YES;
				CLANG_WARN_CONSTANT_CONVERSION = YES;
				CLANG_WARN_DIRECT_OBJC_ISA_USAGE = YES_ERROR;
				CLANG_WARN_EMPTY_BODY = YES;
				CLANG_WARN_ENUM_CONVERSION = YES;
				CLANG_WARN_INT_CONVERSION = YES;
				CLANG_WARN_OBJC_ROOT_CLASS = YES_ERROR;
				CLANG_WARN_UNREACHABLE_CODE = YES;
				CLANG_WARN__DUPLICATE_METHOD_MATCH = YES;
				"CODE_SIGN_IDENTITY[sdk=iphoneos*]" = "iPhone Developer";
				COPY_PHASE_STRIP = NO;
				DEBUG_INFORMATION_FORMAT = "dwarf-with-dsym";
				ENABLE_NS_ASSERTIONS = NO;
				ENABLE_STRICT_OBJC_MSGSEND = YES;
				GCC_C_LANGUAGE_STANDARD = gnu99;
				GCC_NO_COMMON_BLOCKS = YES;
				GCC_WARN_64_TO_32_BIT_CONVERSION = YES;
				GCC_WARN_ABOUT_RETURN_TYPE = YES_ERROR;
				GCC_WARN_UNDECLARED_SELECTOR = YES;
				GCC_WARN_UNINITIALIZED_AUTOS = YES_AGGRESSIVE;
				GCC_WARN_UNUSED_FUNCTION = YES;
				GCC_WARN_UNUSED_VARIABLE = YES;
				IPHONEOS_DEPLOYMENT_TARGET = 9.3;
				MTL_ENABLE_DEBUG_INFO = NO;
				SDKROOT = iphoneos;
				VALIDATE_PRODUCT = YES;
			};
			name = Release;
		};
		18C90C2C1DAF78DF0053F8D7 /* Debug */ = {
			isa = XCBuildConfiguration;
			buildSettings = {
				ASSETCATALOG_COMPILER_APPICON_NAME = AppIcon;
				INFOPLIST_FILE = CoupCon/Info.plist;
				LD_RUNPATH_SEARCH_PATHS = "$(inherited) @executable_path/Frameworks";
				PRODUCT_BUNDLE_IDENTIFIER = CX.Coupcon.CoupCon;
				PRODUCT_NAME = "$(TARGET_NAME)";
			};
			name = Debug;
		};
		18C90C2D1DAF78DF0053F8D7 /* Release */ = {
			isa = XCBuildConfiguration;
			buildSettings = {
				ASSETCATALOG_COMPILER_APPICON_NAME = AppIcon;
				INFOPLIST_FILE = CoupCon/Info.plist;
				LD_RUNPATH_SEARCH_PATHS = "$(inherited) @executable_path/Frameworks";
				PRODUCT_BUNDLE_IDENTIFIER = CX.Coupcon.CoupCon;
				PRODUCT_NAME = "$(TARGET_NAME)";
			};
			name = Release;
		};
		18C90C2F1DAF78DF0053F8D7 /* Debug */ = {
			isa = XCBuildConfiguration;
			buildSettings = {
				BUNDLE_LOADER = "$(TEST_HOST)";
				INFOPLIST_FILE = CoupConTests/Info.plist;
				LD_RUNPATH_SEARCH_PATHS = "$(inherited) @executable_path/Frameworks @loader_path/Frameworks";
				PRODUCT_BUNDLE_IDENTIFIER = CX.Coupcon.CoupConTests;
				PRODUCT_NAME = "$(TARGET_NAME)";
				TEST_HOST = "$(BUILT_PRODUCTS_DIR)/CoupCon.app/CoupCon";
			};
			name = Debug;
		};
		18C90C301DAF78DF0053F8D7 /* Release */ = {
			isa = XCBuildConfiguration;
			buildSettings = {
				BUNDLE_LOADER = "$(TEST_HOST)";
				INFOPLIST_FILE = CoupConTests/Info.plist;
				LD_RUNPATH_SEARCH_PATHS = "$(inherited) @executable_path/Frameworks @loader_path/Frameworks";
				PRODUCT_BUNDLE_IDENTIFIER = CX.Coupcon.CoupConTests;
				PRODUCT_NAME = "$(TARGET_NAME)";
				TEST_HOST = "$(BUILT_PRODUCTS_DIR)/CoupCon.app/CoupCon";
			};
			name = Release;
		};
		18C90C321DAF78DF0053F8D7 /* Debug */ = {
			isa = XCBuildConfiguration;
			buildSettings = {
				INFOPLIST_FILE = CoupConUITests/Info.plist;
				LD_RUNPATH_SEARCH_PATHS = "$(inherited) @executable_path/Frameworks @loader_path/Frameworks";
				PRODUCT_BUNDLE_IDENTIFIER = CX.Coupcon.CoupConUITests;
				PRODUCT_NAME = "$(TARGET_NAME)";
				TEST_TARGET_NAME = CoupCon;
			};
			name = Debug;
		};
		18C90C331DAF78DF0053F8D7 /* Release */ = {
			isa = XCBuildConfiguration;
			buildSettings = {
				INFOPLIST_FILE = CoupConUITests/Info.plist;
				LD_RUNPATH_SEARCH_PATHS = "$(inherited) @executable_path/Frameworks @loader_path/Frameworks";
				PRODUCT_BUNDLE_IDENTIFIER = CX.Coupcon.CoupConUITests;
				PRODUCT_NAME = "$(TARGET_NAME)";
				TEST_TARGET_NAME = CoupCon;
			};
			name = Release;
		};
/* End XCBuildConfiguration section */

/* Begin XCConfigurationList section */
		18C90BFB1DAF78DF0053F8D7 /* Build configuration list for PBXProject "CoupCon" */ = {
			isa = XCConfigurationList;
			buildConfigurations = (
				18C90C291DAF78DF0053F8D7 /* Debug */,
				18C90C2A1DAF78DF0053F8D7 /* Release */,
			);
			defaultConfigurationIsVisible = 0;
			defaultConfigurationName = Release;
		};
		18C90C2B1DAF78DF0053F8D7 /* Build configuration list for PBXNativeTarget "CoupCon" */ = {
			isa = XCConfigurationList;
			buildConfigurations = (
				18C90C2C1DAF78DF0053F8D7 /* Debug */,
				18C90C2D1DAF78DF0053F8D7 /* Release */,
			);
			defaultConfigurationIsVisible = 0;
		};
		18C90C2E1DAF78DF0053F8D7 /* Build configuration list for PBXNativeTarget "CoupConTests" */ = {
			isa = XCConfigurationList;
			buildConfigurations = (
				18C90C2F1DAF78DF0053F8D7 /* Debug */,
				18C90C301DAF78DF0053F8D7 /* Release */,
			);
			defaultConfigurationIsVisible = 0;
		};
		18C90C311DAF78DF0053F8D7 /* Build configuration list for PBXNativeTarget "CoupConUITests" */ = {
			isa = XCConfigurationList;
			buildConfigurations = (
				18C90C321DAF78DF0053F8D7 /* Debug */,
				18C90C331DAF78DF0053F8D7 /* Release */,
			);
			defaultConfigurationIsVisible = 0;
		};
/* End XCConfigurationList section */

/* Begin XCVersionGroup section */
		18C90C0A1DAF78DF0053F8D7 /* CoupCon.xcdatamodeld */ = {
			isa = XCVersionGroup;
			children = (
				18C90C0B1DAF78DF0053F8D7 /* CoupCon.xcdatamodel */,
			);
			currentVersion = 18C90C0B1DAF78DF0053F8D7 /* CoupCon.xcdatamodel */;
			path = CoupCon.xcdatamodeld;
			sourceTree = "<group>";
			versionGroupType = wrapper.xcdatamodel;
		};
/* End XCVersionGroup section */
	};
	rootObject = 18C90BF81DAF78DF0053F8D7 /* Project object */;
}
