// !$*UTF8*$!
{
	archiveVersion = 1;
	classes = {
	};
	objectVersion = 46;
	objects = {

/* Begin PBXBuildFile section */
		07EA6B5AEA6DCAC4FA208E12 /* Pods_CoupConTests.framework in Frameworks */ = {isa = PBXBuildFile; fileRef = C9FF100D70C4BCD9B1EF4A14 /* Pods_CoupConTests.framework */; };
		110B61E11DC729ED006496E7 /* TextFieldMaximumLength.swift in Sources */ = {isa = PBXBuildFile; fileRef = 110B61E01DC729ED006496E7 /* TextFieldMaximumLength.swift */; };
		110DD1C71DB0AD9C001F9BC1 /* LeftViewController.swift in Sources */ = {isa = PBXBuildFile; fileRef = 110DD1C41DB0AD9C001F9BC1 /* LeftViewController.swift */; };
		110DD1C81DB0AD9C001F9BC1 /* TableViewCell.swift in Sources */ = {isa = PBXBuildFile; fileRef = 110DD1C51DB0AD9C001F9BC1 /* TableViewCell.swift */; };
		110DD1C91DB0AD9C001F9BC1 /* TableViewCell.xib in Resources */ = {isa = PBXBuildFile; fileRef = 110DD1C61DB0AD9C001F9BC1 /* TableViewCell.xib */; };
		111C7D091DC07E4200D4FC09 /* membershipTableViewCell.xib in Resources */ = {isa = PBXBuildFile; fileRef = 111C7D081DC07E4200D4FC09 /* membershipTableViewCell.xib */; };
		111C7D0B1DC08E7D00D4FC09 /* membershipTableViewCell.swift in Sources */ = {isa = PBXBuildFile; fileRef = 111C7D0A1DC08E7D00D4FC09 /* membershipTableViewCell.swift */; };
		111C7D0D1DC0CD4F00D4FC09 /* TutorialViewController.swift in Sources */ = {isa = PBXBuildFile; fileRef = 111C7D0C1DC0CD4F00D4FC09 /* TutorialViewController.swift */; };
		1127C6B31DBE453100D92FF7 /* LoadingView.swift in Sources */ = {isa = PBXBuildFile; fileRef = 1127C6B21DBE453100D92FF7 /* LoadingView.swift */; };
		11414C951DD1CA7C00FDD9A2 /* OTP .rtf in Resources */ = {isa = PBXBuildFile; fileRef = 11414C941DD1CA7C00FDD9A2 /* OTP .rtf */; };
		1144E0501DDC3F0F00EDC6C4 /* NiceButton.swift in Sources */ = {isa = PBXBuildFile; fileRef = 1144E0471DDC3F0F00EDC6C4 /* NiceButton.swift */; };
		1144E0511DDC3F0F00EDC6C4 /* DropDown.swift in Sources */ = {isa = PBXBuildFile; fileRef = 1144E0481DDC3F0F00EDC6C4 /* DropDown.swift */; };
		1144E0521DDC3F0F00EDC6C4 /* DropDown+Appearance.swift in Sources */ = {isa = PBXBuildFile; fileRef = 1144E0491DDC3F0F00EDC6C4 /* DropDown+Appearance.swift */; };
		1144E0531DDC3F0F00EDC6C4 /* DropDownCell.swift in Sources */ = {isa = PBXBuildFile; fileRef = 1144E04A1DDC3F0F00EDC6C4 /* DropDownCell.swift */; };
		1144E0541DDC3F0F00EDC6C4 /* DropDownCell.xib in Resources */ = {isa = PBXBuildFile; fileRef = 1144E04B1DDC3F0F00EDC6C4 /* DropDownCell.xib */; };
		1144E0551DDC3F0F00EDC6C4 /* DPDConstants.swift in Sources */ = {isa = PBXBuildFile; fileRef = 1144E04D1DDC3F0F00EDC6C4 /* DPDConstants.swift */; };
		1144E0561DDC3F0F00EDC6C4 /* DPDKeyboardListener.swift in Sources */ = {isa = PBXBuildFile; fileRef = 1144E04E1DDC3F0F00EDC6C4 /* DPDKeyboardListener.swift */; };
		1144E0571DDC3F0F00EDC6C4 /* DPDUIView+Extension.swift in Sources */ = {isa = PBXBuildFile; fileRef = 1144E04F1DDC3F0F00EDC6C4 /* DPDUIView+Extension.swift */; };
		115CA1C21DC1D35100BE9D57 /* DemoPopupViewController2.swift in Sources */ = {isa = PBXBuildFile; fileRef = 115CA1C01DC1D35100BE9D57 /* DemoPopupViewController2.swift */; };
		115CA1C31DC1D35100BE9D57 /* DemoPopupViewController2.storyboard in Resources */ = {isa = PBXBuildFile; fileRef = 115CA1C11DC1D35100BE9D57 /* DemoPopupViewController2.storyboard */; };
		115CA1C71DC1D3B700BE9D57 /* PopupController.swift in Sources */ = {isa = PBXBuildFile; fileRef = 115CA1C41DC1D3B700BE9D57 /* PopupController.swift */; };
		115CA1C81DC1D3B700BE9D57 /* FTPopOverMenu.m in Sources */ = {isa = PBXBuildFile; fileRef = 115CA1C61DC1D3B700BE9D57 /* FTPopOverMenu.m */; };
		115CA1CB1DC1E45500BE9D57 /* DealsCollectionViewCell.swift in Sources */ = {isa = PBXBuildFile; fileRef = 115CA1C91DC1E45500BE9D57 /* DealsCollectionViewCell.swift */; };
		115CA1CC1DC1E45500BE9D57 /* DealsCollectionViewCell.xib in Resources */ = {isa = PBXBuildFile; fileRef = 115CA1CA1DC1E45500BE9D57 /* DealsCollectionViewCell.xib */; };
		1184381D1DC86A1200DFE2FD /* AFNetworking.framework in Frameworks */ = {isa = PBXBuildFile; fileRef = 1184381C1DC86A1200DFE2FD /* AFNetworking.framework */; };
		118DBBE21DB9FB3A000AF9EE /* SignUpViewController.swift in Sources */ = {isa = PBXBuildFile; fileRef = 118DBBE11DB9FB3A000AF9EE /* SignUpViewController.swift */; };
		118DBBE71DB9FFB7000AF9EE /* SkyFloatingLabelTextField.swift in Sources */ = {isa = PBXBuildFile; fileRef = 118DBBE41DB9FFB7000AF9EE /* SkyFloatingLabelTextField.swift */; };
		118DBBE81DB9FFB7000AF9EE /* SkyFloatingLabelTextFieldWithIcon.swift in Sources */ = {isa = PBXBuildFile; fileRef = 118DBBE51DB9FFB7000AF9EE /* SkyFloatingLabelTextFieldWithIcon.swift */; };
		118DBBE91DB9FFB7000AF9EE /* UITextField+fixCaretPosition.swift in Sources */ = {isa = PBXBuildFile; fileRef = 118DBBE61DB9FFB7000AF9EE /* UITextField+fixCaretPosition.swift */; };
		118FB8811E3F51A200E70699 /* ForgotPasswordViewController.swift in Sources */ = {isa = PBXBuildFile; fileRef = 118FB8801E3F51A200E70699 /* ForgotPasswordViewController.swift */; };
		118FB8831E3F51AF00E70699 /* ChangePasswordViewController.swift in Sources */ = {isa = PBXBuildFile; fileRef = 118FB8821E3F51AF00E70699 /* ChangePasswordViewController.swift */; };
		11904BF81DBDC56C009B768E /* OTPViewController.swift in Sources */ = {isa = PBXBuildFile; fileRef = 11904BF71DBDC56C009B768E /* OTPViewController.swift */; };
		11D37EEB1DB8D75C0014F202 /* RedeemTableViewCell.swift in Sources */ = {isa = PBXBuildFile; fileRef = 11D37EE81DB8D75C0014F202 /* RedeemTableViewCell.swift */; };
		11D37EEC1DB8D75C0014F202 /* RedeemTableViewCell.xib in Resources */ = {isa = PBXBuildFile; fileRef = 11D37EE91DB8D75C0014F202 /* RedeemTableViewCell.xib */; };
		11D37EED1DB8D75C0014F202 /* ReedemViewController.swift in Sources */ = {isa = PBXBuildFile; fileRef = 11D37EEA1DB8D75C0014F202 /* ReedemViewController.swift */; };
		11D37EF01DB8DA140014F202 /* ProfileMembershipViewController.swift in Sources */ = {isa = PBXBuildFile; fileRef = 11D37EEF1DB8DA140014F202 /* ProfileMembershipViewController.swift */; };
		11FC0D121DE2FEA50065F1D3 /* PagerMain.storyboard in Resources */ = {isa = PBXBuildFile; fileRef = 11FC0D111DE2FEA50065F1D3 /* PagerMain.storyboard */; };
		11FC0D141DE300880065F1D3 /* TutorialPageViewController.swift in Sources */ = {isa = PBXBuildFile; fileRef = 11FC0D131DE300880065F1D3 /* TutorialPageViewController.swift */; };
		11FC0D181DE303D90065F1D3 /* BannerViewController.swift in Sources */ = {isa = PBXBuildFile; fileRef = 11FC0D171DE303D90065F1D3 /* BannerViewController.swift */; };
		125297261E694F9200D9C8D8 /* paytm_icon.png in Resources */ = {isa = PBXBuildFile; fileRef = 125297251E694F9200D9C8D8 /* paytm_icon.png */; };
		125297281E69510A00D9C8D8 /* paytm_icon40.png in Resources */ = {isa = PBXBuildFile; fileRef = 125297271E69510A00D9C8D8 /* paytm_icon40.png */; };
		1252972A1E6956E200D9C8D8 /* paytm_icon-icons.com_62731.png in Resources */ = {isa = PBXBuildFile; fileRef = 125297291E6956E200D9C8D8 /* paytm_icon-icons.com_62731.png */; };
		12BC12171E697432007F4FB6 /* libPaymentsSDK.a in Frameworks */ = {isa = PBXBuildFile; fileRef = 12BC12161E697432007F4FB6 /* libPaymentsSDK.a */; };
		12BC12181E6979BB007F4FB6 /* PGTransactionViewController.h in Resources */ = {isa = PBXBuildFile; fileRef = 12BC12151E697432007F4FB6 /* PGTransactionViewController.h */; };
		12BC121A1E699DE7007F4FB6 /* TurfCommonFunctions.swift in Sources */ = {isa = PBXBuildFile; fileRef = 12BC12191E699DE7007F4FB6 /* TurfCommonFunctions.swift */; };
		180085F81DD49EAD00BE8D70 /* OTPTextViewController.swift in Sources */ = {isa = PBXBuildFile; fileRef = 180085F71DD49EAD00BE8D70 /* OTPTextViewController.swift */; };
		1800D6191DD9D548006B7492 /* SystemConfiguration.framework in Frameworks */ = {isa = PBXBuildFile; fileRef = 1800D6181DD9D548006B7492 /* SystemConfiguration.framework */; };
		18057E2F1DAFA33B0017F038 /* ICSDrawerController.m in Sources */ = {isa = PBXBuildFile; fileRef = 18057E2C1DAFA33B0017F038 /* ICSDrawerController.m */; };
		18057E301DAFA33B0017F038 /* ICSDropShadowView.m in Sources */ = {isa = PBXBuildFile; fileRef = 18057E2E1DAFA33B0017F038 /* ICSDropShadowView.m */; };
		18057E3E1DAFC37C0017F038 /* FBSDKCoreKit.framework in Frameworks */ = {isa = PBXBuildFile; fileRef = 18057E3B1DAFC37C0017F038 /* FBSDKCoreKit.framework */; };
		18057E3F1DAFC37C0017F038 /* FBSDKLoginKit.framework in Frameworks */ = {isa = PBXBuildFile; fileRef = 18057E3C1DAFC37C0017F038 /* FBSDKLoginKit.framework */; };
		18057E401DAFC37C0017F038 /* FBSDKShareKit.framework in Frameworks */ = {isa = PBXBuildFile; fileRef = 18057E3D1DAFC37C0017F038 /* FBSDKShareKit.framework */; };
		18057E421DAFCEE10017F038 /* GoogleService-Info.plist in Resources */ = {isa = PBXBuildFile; fileRef = 18057E411DAFCEE10017F038 /* GoogleService-Info.plist */; };
		181781B31DD0609A00A935FB /* Readme.txt in Resources */ = {isa = PBXBuildFile; fileRef = 181781B21DD0609A00A935FB /* Readme.txt */; };
		181781B81DD06DE800A935FB /* CXPayMentController.swift in Sources */ = {isa = PBXBuildFile; fileRef = 181781B71DD06DE800A935FB /* CXPayMentController.swift */; };
		181C04DA1DB0BA4D006C05FF /* Roboto-Black.ttf in Resources */ = {isa = PBXBuildFile; fileRef = 181C04D21DB0BA40006C05FF /* Roboto-Black.ttf */; };
		181C04DB1DB0BA4D006C05FF /* Roboto-Bold.ttf in Resources */ = {isa = PBXBuildFile; fileRef = 181C04D31DB0BA40006C05FF /* Roboto-Bold.ttf */; };
		181C04DC1DB0BA4D006C05FF /* Roboto-Italic.ttf in Resources */ = {isa = PBXBuildFile; fileRef = 181C04D41DB0BA40006C05FF /* Roboto-Italic.ttf */; };
		181C04DD1DB0BA4D006C05FF /* Roboto-Light.ttf in Resources */ = {isa = PBXBuildFile; fileRef = 181C04D51DB0BA40006C05FF /* Roboto-Light.ttf */; };
		181C04DE1DB0BA4D006C05FF /* Roboto-Medium.ttf in Resources */ = {isa = PBXBuildFile; fileRef = 181C04D61DB0BA40006C05FF /* Roboto-Medium.ttf */; };
		181C04DF1DB0BA4D006C05FF /* Roboto-Regular.ttf in Resources */ = {isa = PBXBuildFile; fileRef = 181C04D71DB0BA40006C05FF /* Roboto-Regular.ttf */; };
		181C04E01DB0BA4D006C05FF /* RobotoCondensed-Bold.ttf in Resources */ = {isa = PBXBuildFile; fileRef = 181C04D81DB0BA40006C05FF /* RobotoCondensed-Bold.ttf */; };
		181C04E11DB0BA4D006C05FF /* RobotoCondensed-Light.ttf in Resources */ = {isa = PBXBuildFile; fileRef = 181C04D91DB0BA40006C05FF /* RobotoCondensed-Light.ttf */; };
		181C04E61DB0EC4F006C05FF /* CXAppConfig.swift in Sources */ = {isa = PBXBuildFile; fileRef = 181C04E31DB0EC4F006C05FF /* CXAppConfig.swift */; };
		181C04E71DB0EC4F006C05FF /* CXDataService.swift in Sources */ = {isa = PBXBuildFile; fileRef = 181C04E41DB0EC4F006C05FF /* CXDataService.swift */; };
		181C04E81DB0EC4F006C05FF /* CXProjectConfiguration.plist in Resources */ = {isa = PBXBuildFile; fileRef = 181C04E51DB0EC4F006C05FF /* CXProjectConfiguration.plist */; };
		181C04EB1DB0F3F3006C05FF /* HomeTableCell.swift in Sources */ = {isa = PBXBuildFile; fileRef = 181C04EA1DB0F3F3006C05FF /* HomeTableCell.swift */; };
		183763E31DDEE2B700378F7F /* MerchantDetailsTableViewCell.xib in Resources */ = {isa = PBXBuildFile; fileRef = 183763E21DDEE2B700378F7F /* MerchantDetailsTableViewCell.xib */; };
		183763E51DDEE30100378F7F /* MerchantDetailsTableViewCell.swift in Sources */ = {isa = PBXBuildFile; fileRef = 183763E41DDEE30100378F7F /* MerchantDetailsTableViewCell.swift */; };
		183763E71DDEEB4A00378F7F /* MerchantLocationTableViewCell.swift in Sources */ = {isa = PBXBuildFile; fileRef = 183763E61DDEEB4A00378F7F /* MerchantLocationTableViewCell.swift */; };
		183763E91DDEEB5400378F7F /* MerchantLocationTableViewCell.xib in Resources */ = {isa = PBXBuildFile; fileRef = 183763E81DDEEB5400378F7F /* MerchantLocationTableViewCell.xib */; };
		189AB5F21DDD8F0300749C6F /* HelpTableViewCell.swift in Sources */ = {isa = PBXBuildFile; fileRef = 189AB5EF1DDD8F0300749C6F /* HelpTableViewCell.swift */; };
		189AB5F31DDD8F0300749C6F /* HelpTableViewCell.xib in Resources */ = {isa = PBXBuildFile; fileRef = 189AB5F01DDD8F0300749C6F /* HelpTableViewCell.xib */; };
		189AB5F41DDD8F0300749C6F /* HelpViewController.swift in Sources */ = {isa = PBXBuildFile; fileRef = 189AB5F11DDD8F0300749C6F /* HelpViewController.swift */; };
		189E7C771DB7447800A48CE2 /* SearchViewController.swift in Sources */ = {isa = PBXBuildFile; fileRef = 189E7C761DB7447800A48CE2 /* SearchViewController.swift */; };
		189E7C7A1DB7722000A48CE2 /* OfferTableViewCell.swift in Sources */ = {isa = PBXBuildFile; fileRef = 189E7C781DB7722000A48CE2 /* OfferTableViewCell.swift */; };
		189E7C7B1DB7722000A48CE2 /* OfferTableViewCell.xib in Resources */ = {isa = PBXBuildFile; fileRef = 189E7C791DB7722000A48CE2 /* OfferTableViewCell.xib */; };
		18C1603F1DB1FE740083F16D /* UIImageView+UIActivityIndicatorForSDWebImage.m in Sources */ = {isa = PBXBuildFile; fileRef = 18C1603E1DB1FE740083F16D /* UIImageView+UIActivityIndicatorForSDWebImage.m */; };
		18C160511DB222820083F16D /* DealsViewController.swift in Sources */ = {isa = PBXBuildFile; fileRef = 18C160501DB222820083F16D /* DealsViewController.swift */; };
		18C90C041DAF78DF0053F8D7 /* AppDelegate.swift in Sources */ = {isa = PBXBuildFile; fileRef = 18C90C031DAF78DF0053F8D7 /* AppDelegate.swift */; };
		18C90C061DAF78DF0053F8D7 /* CXSigninViewController.swift in Sources */ = {isa = PBXBuildFile; fileRef = 18C90C051DAF78DF0053F8D7 /* CXSigninViewController.swift */; };
		18C90C091DAF78DF0053F8D7 /* Main.storyboard in Resources */ = {isa = PBXBuildFile; fileRef = 18C90C071DAF78DF0053F8D7 /* Main.storyboard */; };
		18C90C0C1DAF78DF0053F8D7 /* CoupCon.xcdatamodeld in Sources */ = {isa = PBXBuildFile; fileRef = 18C90C0A1DAF78DF0053F8D7 /* CoupCon.xcdatamodeld */; };
		18C90C0E1DAF78DF0053F8D7 /* Assets.xcassets in Resources */ = {isa = PBXBuildFile; fileRef = 18C90C0D1DAF78DF0053F8D7 /* Assets.xcassets */; };
		18C90C111DAF78DF0053F8D7 /* LaunchScreen.storyboard in Resources */ = {isa = PBXBuildFile; fileRef = 18C90C0F1DAF78DF0053F8D7 /* LaunchScreen.storyboard */; };
		18C90C1C1DAF78DF0053F8D7 /* CoupConTests.swift in Sources */ = {isa = PBXBuildFile; fileRef = 18C90C1B1DAF78DF0053F8D7 /* CoupConTests.swift */; };
		18C90C271DAF78DF0053F8D7 /* CoupConUITests.swift in Sources */ = {isa = PBXBuildFile; fileRef = 18C90C261DAF78DF0053F8D7 /* CoupConUITests.swift */; };
		18C90C471DAF7CC30053F8D7 /* SWRevealViewController.m in Sources */ = {isa = PBXBuildFile; fileRef = 18C90C461DAF7CC30053F8D7 /* SWRevealViewController.m */; };
		18C90C4A1DAF7CED0053F8D7 /* HomeViewController.swift in Sources */ = {isa = PBXBuildFile; fileRef = 18C90C491DAF7CED0053F8D7 /* HomeViewController.swift */; };
		18C90C4F1DAF7EA60053F8D7 /* reveal-icon.png in Resources */ = {isa = PBXBuildFile; fileRef = 18C90C4D1DAF7EA60053F8D7 /* reveal-icon.png */; };
		18C90C501DAF7EA60053F8D7 /* reveal-icon@2x.png in Resources */ = {isa = PBXBuildFile; fileRef = 18C90C4E1DAF7EA60053F8D7 /* reveal-icon@2x.png */; };
		18D1605E1DB8C903009FF71D /* UserProfile+CoreDataProperties.swift in Sources */ = {isa = PBXBuildFile; fileRef = 18D1605C1DB8C903009FF71D /* UserProfile+CoreDataProperties.swift */; };
		18D160621DB8E074009FF71D /* CX_SocialIntegration.swift in Sources */ = {isa = PBXBuildFile; fileRef = 18D160601DB8DFFA009FF71D /* CX_SocialIntegration.swift */; };
		18D160631DB8E088009FF71D /* UserProfile.swift in Sources */ = {isa = PBXBuildFile; fileRef = 18D1605D1DB8C903009FF71D /* UserProfile.swift */; };
		18D29F021DDC48DE00569AC9 /* CX_Stores+CoreDataProperties.swift in Sources */ = {isa = PBXBuildFile; fileRef = 18D29F001DDC48DE00569AC9 /* CX_Stores+CoreDataProperties.swift */; };
		18D29F031DDC48DE00569AC9 /* CX_Stores.swift in Sources */ = {isa = PBXBuildFile; fileRef = 18D29F011DDC48DE00569AC9 /* CX_Stores.swift */; };
		18EA0EF11DE6B965007EC6E2 /* AboutCoupoconViewController.swift in Sources */ = {isa = PBXBuildFile; fileRef = 18EA0EF01DE6B965007EC6E2 /* AboutCoupoconViewController.swift */; };
		18EA0EF41DE6BA8E007EC6E2 /* AboutUsTableViewCell.swift in Sources */ = {isa = PBXBuildFile; fileRef = 18EA0EF21DE6BA8E007EC6E2 /* AboutUsTableViewCell.swift */; };
		18EA0EF51DE6BA8E007EC6E2 /* AboutUsTableViewCell.xib in Resources */ = {isa = PBXBuildFile; fileRef = 18EA0EF31DE6BA8E007EC6E2 /* AboutUsTableViewCell.xib */; };
		18ED49F51DB4B07200A612BA /* FineDiningViewController.swift in Sources */ = {isa = PBXBuildFile; fileRef = 18ED49F41DB4B07200A612BA /* FineDiningViewController.swift */; };
		18ED49FC1DB4C5B100A612BA /* HomeCollectionViewCell.swift in Sources */ = {isa = PBXBuildFile; fileRef = 18ED49FA1DB4C5B100A612BA /* HomeCollectionViewCell.swift */; };
		18ED49FD1DB4C5B100A612BA /* HomeCollectionViewCell.xib in Resources */ = {isa = PBXBuildFile; fileRef = 18ED49FB1DB4C5B100A612BA /* HomeCollectionViewCell.xib */; };
		18ED4A001DB4FEE100A612BA /* CollectionViewCell.swift in Sources */ = {isa = PBXBuildFile; fileRef = 18ED49FE1DB4FEE100A612BA /* CollectionViewCell.swift */; };
		18ED4A011DB4FEE100A612BA /* CollectionViewCell.xib in Resources */ = {isa = PBXBuildFile; fileRef = 18ED49FF1DB4FEE100A612BA /* CollectionViewCell.xib */; };
		18ED4A441DB6180500A612BA /* KIImagePager.m in Sources */ = {isa = PBXBuildFile; fileRef = 18ED4A431DB6180500A612BA /* KIImagePager.m */; };
		18ED4A461DB62F7C00A612BA /* CustomNavBar.swift in Sources */ = {isa = PBXBuildFile; fileRef = 18ED4A451DB62F7C00A612BA /* CustomNavBar.swift */; };
		18ED4A4A1DB6486500A612BA /* AboutUsViewController.swift in Sources */ = {isa = PBXBuildFile; fileRef = 18ED4A491DB6486500A612BA /* AboutUsViewController.swift */; };
		18ED4A4C1DB6488700A612BA /* MapViewController.swift in Sources */ = {isa = PBXBuildFile; fileRef = 18ED4A4B1DB6488700A612BA /* MapViewController.swift */; };
		18ED4A4E1DB6489E00A612BA /* OffersViewController.swift in Sources */ = {isa = PBXBuildFile; fileRef = 18ED4A4D1DB6489E00A612BA /* OffersViewController.swift */; };
		18ED4A501DB659F100A612BA /* Station.swift in Sources */ = {isa = PBXBuildFile; fileRef = 18ED4A4F1DB659F100A612BA /* Station.swift */; };
		340006765A7F5543EDF43765 /* Pods_CoupoconUITests.framework in Frameworks */ = {isa = PBXBuildFile; fileRef = 9D80A7E3F8C688E1DF991F78 /* Pods_CoupoconUITests.framework */; };
		51993E13B3676EC918DBC1EE /* Pods_Coupocon.framework in Frameworks */ = {isa = PBXBuildFile; fileRef = FC78A23309FC6A030117F9FB /* Pods_Coupocon.framework */; };
		530A4A0975836E19D0B2F8BC /* Pods_CoupConUITests.framework in Frameworks */ = {isa = PBXBuildFile; fileRef = 56C41FBE6E97500FA66BFBF6 /* Pods_CoupConUITests.framework */; };
		CEFC804BDED3B81F68DDD3CF /* Pods_CoupoconTests.framework in Frameworks */ = {isa = PBXBuildFile; fileRef = 7F4C4F29A1DE34B19736C077 /* Pods_CoupoconTests.framework */; };
/* End PBXBuildFile section */

/* Begin PBXContainerItemProxy section */
		18C90C181DAF78DF0053F8D7 /* PBXContainerItemProxy */ = {
			isa = PBXContainerItemProxy;
			containerPortal = 18C90BF81DAF78DF0053F8D7 /* Project object */;
			proxyType = 1;
			remoteGlobalIDString = 18C90BFF1DAF78DF0053F8D7;
			remoteInfo = CoupCon;
		};
		18C90C231DAF78DF0053F8D7 /* PBXContainerItemProxy */ = {
			isa = PBXContainerItemProxy;
			containerPortal = 18C90BF81DAF78DF0053F8D7 /* Project object */;
			proxyType = 1;
			remoteGlobalIDString = 18C90BFF1DAF78DF0053F8D7;
			remoteInfo = CoupCon;
		};
/* End PBXContainerItemProxy section */

/* Begin PBXFileReference section */
		01D564FF12EE00C760145839 /* Pods-CoupoconTests.release.xcconfig */ = {isa = PBXFileReference; includeInIndex = 1; lastKnownFileType = text.xcconfig; name = "Pods-CoupoconTests.release.xcconfig"; path = "Pods/Target Support Files/Pods-CoupoconTests/Pods-CoupoconTests.release.xcconfig"; sourceTree = "<group>"; };
		1026005AF2B4CD26A2B392BB /* Pods-CoupoconUITests.debug.xcconfig */ = {isa = PBXFileReference; includeInIndex = 1; lastKnownFileType = text.xcconfig; name = "Pods-CoupoconUITests.debug.xcconfig"; path = "Pods/Target Support Files/Pods-CoupoconUITests/Pods-CoupoconUITests.debug.xcconfig"; sourceTree = "<group>"; };
		110B61E01DC729ED006496E7 /* TextFieldMaximumLength.swift */ = {isa = PBXFileReference; fileEncoding = 4; lastKnownFileType = sourcecode.swift; path = TextFieldMaximumLength.swift; sourceTree = "<group>"; };
		110DD1C41DB0AD9C001F9BC1 /* LeftViewController.swift */ = {isa = PBXFileReference; fileEncoding = 4; lastKnownFileType = sourcecode.swift; path = LeftViewController.swift; sourceTree = "<group>"; };
		110DD1C51DB0AD9C001F9BC1 /* TableViewCell.swift */ = {isa = PBXFileReference; fileEncoding = 4; lastKnownFileType = sourcecode.swift; path = TableViewCell.swift; sourceTree = "<group>"; };
		110DD1C61DB0AD9C001F9BC1 /* TableViewCell.xib */ = {isa = PBXFileReference; fileEncoding = 4; lastKnownFileType = file.xib; path = TableViewCell.xib; sourceTree = "<group>"; };
		111C7D081DC07E4200D4FC09 /* membershipTableViewCell.xib */ = {isa = PBXFileReference; fileEncoding = 4; lastKnownFileType = file.xib; path = membershipTableViewCell.xib; sourceTree = "<group>"; };
		111C7D0A1DC08E7D00D4FC09 /* membershipTableViewCell.swift */ = {isa = PBXFileReference; fileEncoding = 4; lastKnownFileType = sourcecode.swift; path = membershipTableViewCell.swift; sourceTree = "<group>"; };
		111C7D0C1DC0CD4F00D4FC09 /* TutorialViewController.swift */ = {isa = PBXFileReference; fileEncoding = 4; lastKnownFileType = sourcecode.swift; path = TutorialViewController.swift; sourceTree = "<group>"; };
		1127C6B21DBE453100D92FF7 /* LoadingView.swift */ = {isa = PBXFileReference; fileEncoding = 4; lastKnownFileType = sourcecode.swift; path = LoadingView.swift; sourceTree = "<group>"; };
		11414C941DD1CA7C00FDD9A2 /* OTP .rtf */ = {isa = PBXFileReference; fileEncoding = 4; lastKnownFileType = text.rtf; path = "OTP .rtf"; sourceTree = "<group>"; };
		1144E0471DDC3F0F00EDC6C4 /* NiceButton.swift */ = {isa = PBXFileReference; fileEncoding = 4; lastKnownFileType = sourcecode.swift; path = NiceButton.swift; sourceTree = "<group>"; };
		1144E0481DDC3F0F00EDC6C4 /* DropDown.swift */ = {isa = PBXFileReference; fileEncoding = 4; lastKnownFileType = sourcecode.swift; path = DropDown.swift; sourceTree = "<group>"; };
		1144E0491DDC3F0F00EDC6C4 /* DropDown+Appearance.swift */ = {isa = PBXFileReference; fileEncoding = 4; lastKnownFileType = sourcecode.swift; path = "DropDown+Appearance.swift"; sourceTree = "<group>"; };
		1144E04A1DDC3F0F00EDC6C4 /* DropDownCell.swift */ = {isa = PBXFileReference; fileEncoding = 4; lastKnownFileType = sourcecode.swift; path = DropDownCell.swift; sourceTree = "<group>"; };
		1144E04B1DDC3F0F00EDC6C4 /* DropDownCell.xib */ = {isa = PBXFileReference; fileEncoding = 4; lastKnownFileType = file.xib; path = DropDownCell.xib; sourceTree = "<group>"; };
		1144E04C1DDC3F0F00EDC6C4 /* DropDown.h */ = {isa = PBXFileReference; fileEncoding = 4; lastKnownFileType = sourcecode.c.h; path = DropDown.h; sourceTree = "<group>"; };
		1144E04D1DDC3F0F00EDC6C4 /* DPDConstants.swift */ = {isa = PBXFileReference; fileEncoding = 4; lastKnownFileType = sourcecode.swift; path = DPDConstants.swift; sourceTree = "<group>"; };
		1144E04E1DDC3F0F00EDC6C4 /* DPDKeyboardListener.swift */ = {isa = PBXFileReference; fileEncoding = 4; lastKnownFileType = sourcecode.swift; path = DPDKeyboardListener.swift; sourceTree = "<group>"; };
		1144E04F1DDC3F0F00EDC6C4 /* DPDUIView+Extension.swift */ = {isa = PBXFileReference; fileEncoding = 4; lastKnownFileType = sourcecode.swift; path = "DPDUIView+Extension.swift"; sourceTree = "<group>"; };
		115CA1C01DC1D35100BE9D57 /* DemoPopupViewController2.swift */ = {isa = PBXFileReference; fileEncoding = 4; lastKnownFileType = sourcecode.swift; path = DemoPopupViewController2.swift; sourceTree = "<group>"; };
		115CA1C11DC1D35100BE9D57 /* DemoPopupViewController2.storyboard */ = {isa = PBXFileReference; fileEncoding = 4; lastKnownFileType = file.storyboard; path = DemoPopupViewController2.storyboard; sourceTree = "<group>"; };
		115CA1C41DC1D3B700BE9D57 /* PopupController.swift */ = {isa = PBXFileReference; fileEncoding = 4; lastKnownFileType = sourcecode.swift; path = PopupController.swift; sourceTree = "<group>"; };
		115CA1C51DC1D3B700BE9D57 /* FTPopOverMenu.h */ = {isa = PBXFileReference; fileEncoding = 4; lastKnownFileType = sourcecode.c.h; path = FTPopOverMenu.h; sourceTree = "<group>"; };
		115CA1C61DC1D3B700BE9D57 /* FTPopOverMenu.m */ = {isa = PBXFileReference; fileEncoding = 4; lastKnownFileType = sourcecode.c.objc; path = FTPopOverMenu.m; sourceTree = "<group>"; };
		115CA1C91DC1E45500BE9D57 /* DealsCollectionViewCell.swift */ = {isa = PBXFileReference; fileEncoding = 4; lastKnownFileType = sourcecode.swift; path = DealsCollectionViewCell.swift; sourceTree = "<group>"; };
		115CA1CA1DC1E45500BE9D57 /* DealsCollectionViewCell.xib */ = {isa = PBXFileReference; fileEncoding = 4; lastKnownFileType = file.xib; path = DealsCollectionViewCell.xib; sourceTree = "<group>"; };
		1184381C1DC86A1200DFE2FD /* AFNetworking.framework */ = {isa = PBXFileReference; lastKnownFileType = wrapper.framework; name = AFNetworking.framework; path = "../Library/Developer/Xcode/DerivedData/CoupCon-hkshhznyaccmslbpppwzfzjxedyf/Build/Products/Debug-iphonesimulator/AFNetworking/AFNetworking.framework"; sourceTree = "<group>"; };
		118DBBE11DB9FB3A000AF9EE /* SignUpViewController.swift */ = {isa = PBXFileReference; fileEncoding = 4; lastKnownFileType = sourcecode.swift; path = SignUpViewController.swift; sourceTree = "<group>"; };
		118DBBE41DB9FFB7000AF9EE /* SkyFloatingLabelTextField.swift */ = {isa = PBXFileReference; fileEncoding = 4; lastKnownFileType = sourcecode.swift; path = SkyFloatingLabelTextField.swift; sourceTree = "<group>"; };
		118DBBE51DB9FFB7000AF9EE /* SkyFloatingLabelTextFieldWithIcon.swift */ = {isa = PBXFileReference; fileEncoding = 4; lastKnownFileType = sourcecode.swift; path = SkyFloatingLabelTextFieldWithIcon.swift; sourceTree = "<group>"; };
		118DBBE61DB9FFB7000AF9EE /* UITextField+fixCaretPosition.swift */ = {isa = PBXFileReference; fileEncoding = 4; lastKnownFileType = sourcecode.swift; path = "UITextField+fixCaretPosition.swift"; sourceTree = "<group>"; };
		118FB8801E3F51A200E70699 /* ForgotPasswordViewController.swift */ = {isa = PBXFileReference; fileEncoding = 4; lastKnownFileType = sourcecode.swift; path = ForgotPasswordViewController.swift; sourceTree = "<group>"; };
		118FB8821E3F51AF00E70699 /* ChangePasswordViewController.swift */ = {isa = PBXFileReference; fileEncoding = 4; lastKnownFileType = sourcecode.swift; path = ChangePasswordViewController.swift; sourceTree = "<group>"; };
		11904BF71DBDC56C009B768E /* OTPViewController.swift */ = {isa = PBXFileReference; fileEncoding = 4; lastKnownFileType = sourcecode.swift; path = OTPViewController.swift; sourceTree = "<group>"; };
		11D37EE81DB8D75C0014F202 /* RedeemTableViewCell.swift */ = {isa = PBXFileReference; fileEncoding = 4; lastKnownFileType = sourcecode.swift; path = RedeemTableViewCell.swift; sourceTree = "<group>"; };
		11D37EE91DB8D75C0014F202 /* RedeemTableViewCell.xib */ = {isa = PBXFileReference; fileEncoding = 4; lastKnownFileType = file.xib; path = RedeemTableViewCell.xib; sourceTree = "<group>"; };
		11D37EEA1DB8D75C0014F202 /* ReedemViewController.swift */ = {isa = PBXFileReference; fileEncoding = 4; lastKnownFileType = sourcecode.swift; path = ReedemViewController.swift; sourceTree = "<group>"; };
		11D37EEF1DB8DA140014F202 /* ProfileMembershipViewController.swift */ = {isa = PBXFileReference; fileEncoding = 4; lastKnownFileType = sourcecode.swift; path = ProfileMembershipViewController.swift; sourceTree = "<group>"; };
		11FC0D111DE2FEA50065F1D3 /* PagerMain.storyboard */ = {isa = PBXFileReference; fileEncoding = 4; lastKnownFileType = file.storyboard; path = PagerMain.storyboard; sourceTree = "<group>"; };
		11FC0D131DE300880065F1D3 /* TutorialPageViewController.swift */ = {isa = PBXFileReference; fileEncoding = 4; lastKnownFileType = sourcecode.swift; path = TutorialPageViewController.swift; sourceTree = "<group>"; };
		11FC0D171DE303D90065F1D3 /* BannerViewController.swift */ = {isa = PBXFileReference; fileEncoding = 4; lastKnownFileType = sourcecode.swift; path = BannerViewController.swift; sourceTree = "<group>"; };
		125297251E694F9200D9C8D8 /* paytm_icon.png */ = {isa = PBXFileReference; lastKnownFileType = image.png; path = paytm_icon.png; sourceTree = "<group>"; };
		125297271E69510A00D9C8D8 /* paytm_icon40.png */ = {isa = PBXFileReference; lastKnownFileType = image.png; path = paytm_icon40.png; sourceTree = "<group>"; };
		125297291E6956E200D9C8D8 /* paytm_icon-icons.com_62731.png */ = {isa = PBXFileReference; lastKnownFileType = image.png; path = "paytm_icon-icons.com_62731.png"; sourceTree = "<group>"; };
		12BC12111E697432007F4FB6 /* PaymentsSDK.h */ = {isa = PBXFileReference; fileEncoding = 4; lastKnownFileType = sourcecode.c.h; path = PaymentsSDK.h; sourceTree = "<group>"; };
		12BC12121E697432007F4FB6 /* PGMerchantConfiguration.h */ = {isa = PBXFileReference; fileEncoding = 4; lastKnownFileType = sourcecode.c.h; path = PGMerchantConfiguration.h; sourceTree = "<group>"; };
		12BC12131E697432007F4FB6 /* PGOrder.h */ = {isa = PBXFileReference; fileEncoding = 4; lastKnownFileType = sourcecode.c.h; path = PGOrder.h; sourceTree = "<group>"; };
		12BC12141E697432007F4FB6 /* PGServerEnvironment.h */ = {isa = PBXFileReference; fileEncoding = 4; lastKnownFileType = sourcecode.c.h; path = PGServerEnvironment.h; sourceTree = "<group>"; };
		12BC12151E697432007F4FB6 /* PGTransactionViewController.h */ = {isa = PBXFileReference; fileEncoding = 4; lastKnownFileType = sourcecode.c.h; path = PGTransactionViewController.h; sourceTree = "<group>"; };
		12BC12161E697432007F4FB6 /* libPaymentsSDK.a */ = {isa = PBXFileReference; lastKnownFileType = archive.ar; path = libPaymentsSDK.a; sourceTree = "<group>"; };
		12BC12191E699DE7007F4FB6 /* TurfCommonFunctions.swift */ = {isa = PBXFileReference; fileEncoding = 4; lastKnownFileType = sourcecode.swift; path = TurfCommonFunctions.swift; sourceTree = "<group>"; };
		180085F71DD49EAD00BE8D70 /* OTPTextViewController.swift */ = {isa = PBXFileReference; fileEncoding = 4; lastKnownFileType = sourcecode.swift; path = OTPTextViewController.swift; sourceTree = "<group>"; };
		1800D6181DD9D548006B7492 /* SystemConfiguration.framework */ = {isa = PBXFileReference; lastKnownFileType = wrapper.framework; name = SystemConfiguration.framework; path = System/Library/Frameworks/SystemConfiguration.framework; sourceTree = SDKROOT; };
		18057E2B1DAFA33B0017F038 /* ICSDrawerController.h */ = {isa = PBXFileReference; fileEncoding = 4; lastKnownFileType = sourcecode.c.h; path = ICSDrawerController.h; sourceTree = "<group>"; };
		18057E2C1DAFA33B0017F038 /* ICSDrawerController.m */ = {isa = PBXFileReference; fileEncoding = 4; lastKnownFileType = sourcecode.c.objc; path = ICSDrawerController.m; sourceTree = "<group>"; };
		18057E2D1DAFA33B0017F038 /* ICSDropShadowView.h */ = {isa = PBXFileReference; fileEncoding = 4; lastKnownFileType = sourcecode.c.h; path = ICSDropShadowView.h; sourceTree = "<group>"; };
		18057E2E1DAFA33B0017F038 /* ICSDropShadowView.m */ = {isa = PBXFileReference; fileEncoding = 4; lastKnownFileType = sourcecode.c.objc; path = ICSDropShadowView.m; sourceTree = "<group>"; };
		18057E3B1DAFC37C0017F038 /* FBSDKCoreKit.framework */ = {isa = PBXFileReference; lastKnownFileType = wrapper.framework; name = FBSDKCoreKit.framework; path = FB/FBSDKCoreKit.framework; sourceTree = "<group>"; };
		18057E3C1DAFC37C0017F038 /* FBSDKLoginKit.framework */ = {isa = PBXFileReference; lastKnownFileType = wrapper.framework; name = FBSDKLoginKit.framework; path = FB/FBSDKLoginKit.framework; sourceTree = "<group>"; };
		18057E3D1DAFC37C0017F038 /* FBSDKShareKit.framework */ = {isa = PBXFileReference; lastKnownFileType = wrapper.framework; name = FBSDKShareKit.framework; path = FB/FBSDKShareKit.framework; sourceTree = "<group>"; };
		18057E411DAFCEE10017F038 /* GoogleService-Info.plist */ = {isa = PBXFileReference; fileEncoding = 4; lastKnownFileType = text.plist.xml; path = "GoogleService-Info.plist"; sourceTree = "<group>"; };
		181781B21DD0609A00A935FB /* Readme.txt */ = {isa = PBXFileReference; fileEncoding = 4; lastKnownFileType = text; path = Readme.txt; sourceTree = "<group>"; };
		181781B71DD06DE800A935FB /* CXPayMentController.swift */ = {isa = PBXFileReference; fileEncoding = 4; lastKnownFileType = sourcecode.swift; path = CXPayMentController.swift; sourceTree = "<group>"; };
		181C04D21DB0BA40006C05FF /* Roboto-Black.ttf */ = {isa = PBXFileReference; lastKnownFileType = file; path = "Roboto-Black.ttf"; sourceTree = "<group>"; };
		181C04D31DB0BA40006C05FF /* Roboto-Bold.ttf */ = {isa = PBXFileReference; lastKnownFileType = file; path = "Roboto-Bold.ttf"; sourceTree = "<group>"; };
		181C04D41DB0BA40006C05FF /* Roboto-Italic.ttf */ = {isa = PBXFileReference; lastKnownFileType = file; path = "Roboto-Italic.ttf"; sourceTree = "<group>"; };
		181C04D51DB0BA40006C05FF /* Roboto-Light.ttf */ = {isa = PBXFileReference; lastKnownFileType = file; path = "Roboto-Light.ttf"; sourceTree = "<group>"; };
		181C04D61DB0BA40006C05FF /* Roboto-Medium.ttf */ = {isa = PBXFileReference; lastKnownFileType = file; path = "Roboto-Medium.ttf"; sourceTree = "<group>"; };
		181C04D71DB0BA40006C05FF /* Roboto-Regular.ttf */ = {isa = PBXFileReference; lastKnownFileType = file; path = "Roboto-Regular.ttf"; sourceTree = "<group>"; };
		181C04D81DB0BA40006C05FF /* RobotoCondensed-Bold.ttf */ = {isa = PBXFileReference; lastKnownFileType = file; path = "RobotoCondensed-Bold.ttf"; sourceTree = "<group>"; };
		181C04D91DB0BA40006C05FF /* RobotoCondensed-Light.ttf */ = {isa = PBXFileReference; lastKnownFileType = file; path = "RobotoCondensed-Light.ttf"; sourceTree = "<group>"; };
		181C04E31DB0EC4F006C05FF /* CXAppConfig.swift */ = {isa = PBXFileReference; fileEncoding = 4; lastKnownFileType = sourcecode.swift; path = CXAppConfig.swift; sourceTree = "<group>"; };
		181C04E41DB0EC4F006C05FF /* CXDataService.swift */ = {isa = PBXFileReference; fileEncoding = 4; lastKnownFileType = sourcecode.swift; path = CXDataService.swift; sourceTree = "<group>"; };
		181C04E51DB0EC4F006C05FF /* CXProjectConfiguration.plist */ = {isa = PBXFileReference; fileEncoding = 4; lastKnownFileType = text.plist.xml; path = CXProjectConfiguration.plist; sourceTree = "<group>"; };
		181C04EA1DB0F3F3006C05FF /* HomeTableCell.swift */ = {isa = PBXFileReference; fileEncoding = 4; lastKnownFileType = sourcecode.swift; path = HomeTableCell.swift; sourceTree = "<group>"; };
		183763E21DDEE2B700378F7F /* MerchantDetailsTableViewCell.xib */ = {isa = PBXFileReference; fileEncoding = 4; lastKnownFileType = file.xib; path = MerchantDetailsTableViewCell.xib; sourceTree = "<group>"; };
		183763E41DDEE30100378F7F /* MerchantDetailsTableViewCell.swift */ = {isa = PBXFileReference; fileEncoding = 4; lastKnownFileType = sourcecode.swift; path = MerchantDetailsTableViewCell.swift; sourceTree = "<group>"; };
		183763E61DDEEB4A00378F7F /* MerchantLocationTableViewCell.swift */ = {isa = PBXFileReference; fileEncoding = 4; lastKnownFileType = sourcecode.swift; path = MerchantLocationTableViewCell.swift; sourceTree = "<group>"; };
		183763E81DDEEB5400378F7F /* MerchantLocationTableViewCell.xib */ = {isa = PBXFileReference; fileEncoding = 4; lastKnownFileType = file.xib; path = MerchantLocationTableViewCell.xib; sourceTree = "<group>"; };
		189AB5EF1DDD8F0300749C6F /* HelpTableViewCell.swift */ = {isa = PBXFileReference; fileEncoding = 4; lastKnownFileType = sourcecode.swift; path = HelpTableViewCell.swift; sourceTree = "<group>"; };
		189AB5F01DDD8F0300749C6F /* HelpTableViewCell.xib */ = {isa = PBXFileReference; fileEncoding = 4; lastKnownFileType = file.xib; path = HelpTableViewCell.xib; sourceTree = "<group>"; };
		189AB5F11DDD8F0300749C6F /* HelpViewController.swift */ = {isa = PBXFileReference; fileEncoding = 4; lastKnownFileType = sourcecode.swift; path = HelpViewController.swift; sourceTree = "<group>"; };
		189E7C761DB7447800A48CE2 /* SearchViewController.swift */ = {isa = PBXFileReference; fileEncoding = 4; lastKnownFileType = sourcecode.swift; path = SearchViewController.swift; sourceTree = "<group>"; };
		189E7C781DB7722000A48CE2 /* OfferTableViewCell.swift */ = {isa = PBXFileReference; fileEncoding = 4; lastKnownFileType = sourcecode.swift; path = OfferTableViewCell.swift; sourceTree = "<group>"; };
		189E7C791DB7722000A48CE2 /* OfferTableViewCell.xib */ = {isa = PBXFileReference; fileEncoding = 4; lastKnownFileType = file.xib; path = OfferTableViewCell.xib; sourceTree = "<group>"; };
		18C1603D1DB1FE740083F16D /* UIImageView+UIActivityIndicatorForSDWebImage.h */ = {isa = PBXFileReference; fileEncoding = 4; lastKnownFileType = sourcecode.c.h; path = "UIImageView+UIActivityIndicatorForSDWebImage.h"; sourceTree = "<group>"; };
		18C1603E1DB1FE740083F16D /* UIImageView+UIActivityIndicatorForSDWebImage.m */ = {isa = PBXFileReference; fileEncoding = 4; lastKnownFileType = sourcecode.c.objc; path = "UIImageView+UIActivityIndicatorForSDWebImage.m"; sourceTree = "<group>"; };
		18C160501DB222820083F16D /* DealsViewController.swift */ = {isa = PBXFileReference; fileEncoding = 4; lastKnownFileType = sourcecode.swift; path = DealsViewController.swift; sourceTree = "<group>"; };
		18C90C001DAF78DF0053F8D7 /* Coupocon.app */ = {isa = PBXFileReference; explicitFileType = wrapper.application; includeInIndex = 0; path = Coupocon.app; sourceTree = BUILT_PRODUCTS_DIR; };
		18C90C031DAF78DF0053F8D7 /* AppDelegate.swift */ = {isa = PBXFileReference; lastKnownFileType = sourcecode.swift; path = AppDelegate.swift; sourceTree = "<group>"; };
		18C90C051DAF78DF0053F8D7 /* CXSigninViewController.swift */ = {isa = PBXFileReference; lastKnownFileType = sourcecode.swift; path = CXSigninViewController.swift; sourceTree = "<group>"; };
		18C90C081DAF78DF0053F8D7 /* Base */ = {isa = PBXFileReference; lastKnownFileType = file.storyboard; name = Base; path = Base.lproj/Main.storyboard; sourceTree = "<group>"; };
		18C90C0B1DAF78DF0053F8D7 /* CoupCon.xcdatamodel */ = {isa = PBXFileReference; lastKnownFileType = wrapper.xcdatamodel; path = CoupCon.xcdatamodel; sourceTree = "<group>"; };
		18C90C0D1DAF78DF0053F8D7 /* Assets.xcassets */ = {isa = PBXFileReference; lastKnownFileType = folder.assetcatalog; path = Assets.xcassets; sourceTree = "<group>"; };
		18C90C101DAF78DF0053F8D7 /* Base */ = {isa = PBXFileReference; lastKnownFileType = file.storyboard; name = Base; path = Base.lproj/LaunchScreen.storyboard; sourceTree = "<group>"; };
		18C90C121DAF78DF0053F8D7 /* Info.plist */ = {isa = PBXFileReference; lastKnownFileType = text.plist.xml; path = Info.plist; sourceTree = "<group>"; };
		18C90C171DAF78DF0053F8D7 /* CoupoconTests.xctest */ = {isa = PBXFileReference; explicitFileType = wrapper.cfbundle; includeInIndex = 0; path = CoupoconTests.xctest; sourceTree = BUILT_PRODUCTS_DIR; };
		18C90C1B1DAF78DF0053F8D7 /* CoupConTests.swift */ = {isa = PBXFileReference; lastKnownFileType = sourcecode.swift; path = CoupConTests.swift; sourceTree = "<group>"; };
		18C90C1D1DAF78DF0053F8D7 /* Info.plist */ = {isa = PBXFileReference; lastKnownFileType = text.plist.xml; path = Info.plist; sourceTree = "<group>"; };
		18C90C221DAF78DF0053F8D7 /* CoupoconTests.xctest */ = {isa = PBXFileReference; explicitFileType = wrapper.cfbundle; includeInIndex = 0; path = CoupoconTests.xctest; sourceTree = BUILT_PRODUCTS_DIR; };
		18C90C261DAF78DF0053F8D7 /* CoupConUITests.swift */ = {isa = PBXFileReference; lastKnownFileType = sourcecode.swift; path = CoupConUITests.swift; sourceTree = "<group>"; };
		18C90C281DAF78DF0053F8D7 /* Info.plist */ = {isa = PBXFileReference; lastKnownFileType = text.plist.xml; path = Info.plist; sourceTree = "<group>"; };
		18C90C401DAF7C970053F8D7 /* CoupCon-Bridging-Header.h */ = {isa = PBXFileReference; lastKnownFileType = sourcecode.c.h; path = "CoupCon-Bridging-Header.h"; sourceTree = SOURCE_ROOT; };
		18C90C451DAF7CC30053F8D7 /* SWRevealViewController.h */ = {isa = PBXFileReference; fileEncoding = 4; lastKnownFileType = sourcecode.c.h; path = SWRevealViewController.h; sourceTree = "<group>"; };
		18C90C461DAF7CC30053F8D7 /* SWRevealViewController.m */ = {isa = PBXFileReference; fileEncoding = 4; lastKnownFileType = sourcecode.c.objc; path = SWRevealViewController.m; sourceTree = "<group>"; };
		18C90C491DAF7CED0053F8D7 /* HomeViewController.swift */ = {isa = PBXFileReference; fileEncoding = 4; lastKnownFileType = sourcecode.swift; path = HomeViewController.swift; sourceTree = "<group>"; };
		18C90C4D1DAF7EA60053F8D7 /* reveal-icon.png */ = {isa = PBXFileReference; lastKnownFileType = image.png; path = "reveal-icon.png"; sourceTree = "<group>"; };
		18C90C4E1DAF7EA60053F8D7 /* reveal-icon@2x.png */ = {isa = PBXFileReference; lastKnownFileType = image.png; path = "reveal-icon@2x.png"; sourceTree = "<group>"; };
		18D1605C1DB8C903009FF71D /* UserProfile+CoreDataProperties.swift */ = {isa = PBXFileReference; fileEncoding = 4; lastKnownFileType = sourcecode.swift; path = "UserProfile+CoreDataProperties.swift"; sourceTree = "<group>"; };
		18D1605D1DB8C903009FF71D /* UserProfile.swift */ = {isa = PBXFileReference; fileEncoding = 4; lastKnownFileType = sourcecode.swift; path = UserProfile.swift; sourceTree = "<group>"; };
		18D160601DB8DFFA009FF71D /* CX_SocialIntegration.swift */ = {isa = PBXFileReference; fileEncoding = 4; lastKnownFileType = sourcecode.swift; path = CX_SocialIntegration.swift; sourceTree = "<group>"; };
		18D29F001DDC48DE00569AC9 /* CX_Stores+CoreDataProperties.swift */ = {isa = PBXFileReference; fileEncoding = 4; lastKnownFileType = sourcecode.swift; path = "CX_Stores+CoreDataProperties.swift"; sourceTree = "<group>"; };
		18D29F011DDC48DE00569AC9 /* CX_Stores.swift */ = {isa = PBXFileReference; fileEncoding = 4; lastKnownFileType = sourcecode.swift; path = CX_Stores.swift; sourceTree = "<group>"; };
		18EA0EF01DE6B965007EC6E2 /* AboutCoupoconViewController.swift */ = {isa = PBXFileReference; fileEncoding = 4; lastKnownFileType = sourcecode.swift; path = AboutCoupoconViewController.swift; sourceTree = "<group>"; };
		18EA0EF21DE6BA8E007EC6E2 /* AboutUsTableViewCell.swift */ = {isa = PBXFileReference; fileEncoding = 4; lastKnownFileType = sourcecode.swift; path = AboutUsTableViewCell.swift; sourceTree = "<group>"; };
		18EA0EF31DE6BA8E007EC6E2 /* AboutUsTableViewCell.xib */ = {isa = PBXFileReference; fileEncoding = 4; lastKnownFileType = file.xib; path = AboutUsTableViewCell.xib; sourceTree = "<group>"; };
		18ED49F41DB4B07200A612BA /* FineDiningViewController.swift */ = {isa = PBXFileReference; fileEncoding = 4; lastKnownFileType = sourcecode.swift; path = FineDiningViewController.swift; sourceTree = "<group>"; };
		18ED49FA1DB4C5B100A612BA /* HomeCollectionViewCell.swift */ = {isa = PBXFileReference; fileEncoding = 4; lastKnownFileType = sourcecode.swift; path = HomeCollectionViewCell.swift; sourceTree = "<group>"; };
		18ED49FB1DB4C5B100A612BA /* HomeCollectionViewCell.xib */ = {isa = PBXFileReference; fileEncoding = 4; lastKnownFileType = file.xib; path = HomeCollectionViewCell.xib; sourceTree = "<group>"; };
		18ED49FE1DB4FEE100A612BA /* CollectionViewCell.swift */ = {isa = PBXFileReference; fileEncoding = 4; lastKnownFileType = sourcecode.swift; path = CollectionViewCell.swift; sourceTree = "<group>"; };
		18ED49FF1DB4FEE100A612BA /* CollectionViewCell.xib */ = {isa = PBXFileReference; fileEncoding = 4; lastKnownFileType = file.xib; path = CollectionViewCell.xib; sourceTree = "<group>"; };
		18ED4A421DB6180500A612BA /* KIImagePager.h */ = {isa = PBXFileReference; fileEncoding = 4; lastKnownFileType = sourcecode.c.h; path = KIImagePager.h; sourceTree = "<group>"; };
		18ED4A431DB6180500A612BA /* KIImagePager.m */ = {isa = PBXFileReference; fileEncoding = 4; lastKnownFileType = sourcecode.c.objc; path = KIImagePager.m; sourceTree = "<group>"; };
		18ED4A451DB62F7C00A612BA /* CustomNavBar.swift */ = {isa = PBXFileReference; fileEncoding = 4; lastKnownFileType = sourcecode.swift; path = CustomNavBar.swift; sourceTree = "<group>"; };
		18ED4A491DB6486500A612BA /* AboutUsViewController.swift */ = {isa = PBXFileReference; fileEncoding = 4; lastKnownFileType = sourcecode.swift; path = AboutUsViewController.swift; sourceTree = "<group>"; };
		18ED4A4B1DB6488700A612BA /* MapViewController.swift */ = {isa = PBXFileReference; fileEncoding = 4; lastKnownFileType = sourcecode.swift; path = MapViewController.swift; sourceTree = "<group>"; };
		18ED4A4D1DB6489E00A612BA /* OffersViewController.swift */ = {isa = PBXFileReference; fileEncoding = 4; lastKnownFileType = sourcecode.swift; path = OffersViewController.swift; sourceTree = "<group>"; };
		18ED4A4F1DB659F100A612BA /* Station.swift */ = {isa = PBXFileReference; fileEncoding = 4; lastKnownFileType = sourcecode.swift; path = Station.swift; sourceTree = "<group>"; };
		2CDFCB9A19A5592344D69BBA /* Pods-CoupConUITests.debug.xcconfig */ = {isa = PBXFileReference; includeInIndex = 1; lastKnownFileType = text.xcconfig; name = "Pods-CoupConUITests.debug.xcconfig"; path = "Pods/Target Support Files/Pods-CoupConUITests/Pods-CoupConUITests.debug.xcconfig"; sourceTree = "<group>"; };
		510610CC6A3C9914A83AA84A /* Pods-CoupoconTests.debug.xcconfig */ = {isa = PBXFileReference; includeInIndex = 1; lastKnownFileType = text.xcconfig; name = "Pods-CoupoconTests.debug.xcconfig"; path = "Pods/Target Support Files/Pods-CoupoconTests/Pods-CoupoconTests.debug.xcconfig"; sourceTree = "<group>"; };
		56C41FBE6E97500FA66BFBF6 /* Pods_CoupConUITests.framework */ = {isa = PBXFileReference; explicitFileType = wrapper.framework; includeInIndex = 0; path = Pods_CoupConUITests.framework; sourceTree = BUILT_PRODUCTS_DIR; };
		587C0C23F0FFD806B8938F4E /* Pods-Coupocon.debug.xcconfig */ = {isa = PBXFileReference; includeInIndex = 1; lastKnownFileType = text.xcconfig; name = "Pods-Coupocon.debug.xcconfig"; path = "Pods/Target Support Files/Pods-Coupocon/Pods-Coupocon.debug.xcconfig"; sourceTree = "<group>"; };
		674211D20DF2F16091F4B75B /* Pods-CoupConTests.release.xcconfig */ = {isa = PBXFileReference; includeInIndex = 1; lastKnownFileType = text.xcconfig; name = "Pods-CoupConTests.release.xcconfig"; path = "Pods/Target Support Files/Pods-CoupConTests/Pods-CoupConTests.release.xcconfig"; sourceTree = "<group>"; };
		7D514BA27D6025269F7204F0 /* Pods-CoupCon.release.xcconfig */ = {isa = PBXFileReference; includeInIndex = 1; lastKnownFileType = text.xcconfig; name = "Pods-CoupCon.release.xcconfig"; path = "Pods/Target Support Files/Pods-CoupCon/Pods-CoupCon.release.xcconfig"; sourceTree = "<group>"; };
		7F4C4F29A1DE34B19736C077 /* Pods_CoupoconTests.framework */ = {isa = PBXFileReference; explicitFileType = wrapper.framework; includeInIndex = 0; path = Pods_CoupoconTests.framework; sourceTree = BUILT_PRODUCTS_DIR; };
		7F4CEBA49048AE921AEF3807 /* Pods-CoupCon.debug.xcconfig */ = {isa = PBXFileReference; includeInIndex = 1; lastKnownFileType = text.xcconfig; name = "Pods-CoupCon.debug.xcconfig"; path = "Pods/Target Support Files/Pods-CoupCon/Pods-CoupCon.debug.xcconfig"; sourceTree = "<group>"; };
		81E1C93157DC357F1F1E3A83 /* Pods-CoupoconUITests.release.xcconfig */ = {isa = PBXFileReference; includeInIndex = 1; lastKnownFileType = text.xcconfig; name = "Pods-CoupoconUITests.release.xcconfig"; path = "Pods/Target Support Files/Pods-CoupoconUITests/Pods-CoupoconUITests.release.xcconfig"; sourceTree = "<group>"; };
		820AEFDD7E72C3C143BF611B /* Pods-CoupConUITests.release.xcconfig */ = {isa = PBXFileReference; includeInIndex = 1; lastKnownFileType = text.xcconfig; name = "Pods-CoupConUITests.release.xcconfig"; path = "Pods/Target Support Files/Pods-CoupConUITests/Pods-CoupConUITests.release.xcconfig"; sourceTree = "<group>"; };
		9061E91C34FAA3D23E008955 /* Pods-Coupocon.release.xcconfig */ = {isa = PBXFileReference; includeInIndex = 1; lastKnownFileType = text.xcconfig; name = "Pods-Coupocon.release.xcconfig"; path = "Pods/Target Support Files/Pods-Coupocon/Pods-Coupocon.release.xcconfig"; sourceTree = "<group>"; };
		9D80A7E3F8C688E1DF991F78 /* Pods_CoupoconUITests.framework */ = {isa = PBXFileReference; explicitFileType = wrapper.framework; includeInIndex = 0; path = Pods_CoupoconUITests.framework; sourceTree = BUILT_PRODUCTS_DIR; };
		C9FF100D70C4BCD9B1EF4A14 /* Pods_CoupConTests.framework */ = {isa = PBXFileReference; explicitFileType = wrapper.framework; includeInIndex = 0; path = Pods_CoupConTests.framework; sourceTree = BUILT_PRODUCTS_DIR; };
		DE05C162DC6A10D511B5B4A3 /* Pods-CoupConTests.debug.xcconfig */ = {isa = PBXFileReference; includeInIndex = 1; lastKnownFileType = text.xcconfig; name = "Pods-CoupConTests.debug.xcconfig"; path = "Pods/Target Support Files/Pods-CoupConTests/Pods-CoupConTests.debug.xcconfig"; sourceTree = "<group>"; };
		DEB40090EE11D5B76565BB03 /* Pods_CoupCon.framework */ = {isa = PBXFileReference; explicitFileType = wrapper.framework; includeInIndex = 0; path = Pods_CoupCon.framework; sourceTree = BUILT_PRODUCTS_DIR; };
		FC78A23309FC6A030117F9FB /* Pods_Coupocon.framework */ = {isa = PBXFileReference; explicitFileType = wrapper.framework; includeInIndex = 0; path = Pods_Coupocon.framework; sourceTree = BUILT_PRODUCTS_DIR; };
/* End PBXFileReference section */

/* Begin PBXFrameworksBuildPhase section */
		18C90BFD1DAF78DF0053F8D7 /* Frameworks */ = {
			isa = PBXFrameworksBuildPhase;
			buildActionMask = 2147483647;
			files = (
				1800D6191DD9D548006B7492 /* SystemConfiguration.framework in Frameworks */,
				1184381D1DC86A1200DFE2FD /* AFNetworking.framework in Frameworks */,
				18057E401DAFC37C0017F038 /* FBSDKShareKit.framework in Frameworks */,
				12BC12171E697432007F4FB6 /* libPaymentsSDK.a in Frameworks */,
				18057E3E1DAFC37C0017F038 /* FBSDKCoreKit.framework in Frameworks */,
				18057E3F1DAFC37C0017F038 /* FBSDKLoginKit.framework in Frameworks */,
				51993E13B3676EC918DBC1EE /* Pods_Coupocon.framework in Frameworks */,
			);
			runOnlyForDeploymentPostprocessing = 0;
		};
		18C90C141DAF78DF0053F8D7 /* Frameworks */ = {
			isa = PBXFrameworksBuildPhase;
			buildActionMask = 2147483647;
			files = (
				07EA6B5AEA6DCAC4FA208E12 /* Pods_CoupConTests.framework in Frameworks */,
				CEFC804BDED3B81F68DDD3CF /* Pods_CoupoconTests.framework in Frameworks */,
			);
			runOnlyForDeploymentPostprocessing = 0;
		};
		18C90C1F1DAF78DF0053F8D7 /* Frameworks */ = {
			isa = PBXFrameworksBuildPhase;
			buildActionMask = 2147483647;
			files = (
				530A4A0975836E19D0B2F8BC /* Pods_CoupConUITests.framework in Frameworks */,
				340006765A7F5543EDF43765 /* Pods_CoupoconUITests.framework in Frameworks */,
			);
			runOnlyForDeploymentPostprocessing = 0;
		};
/* End PBXFrameworksBuildPhase section */

/* Begin PBXGroup section */
		110B61DF1DC729C4006496E7 /* TextFieldModificationFiles */ = {
			isa = PBXGroup;
			children = (
				110B61E01DC729ED006496E7 /* TextFieldMaximumLength.swift */,
			);
			name = TextFieldModificationFiles;
			sourceTree = "<group>";
		};
		1144E0461DDC3F0500EDC6C4 /* DropDown */ = {
			isa = PBXGroup;
			children = (
				1144E0471DDC3F0F00EDC6C4 /* NiceButton.swift */,
				1144E0481DDC3F0F00EDC6C4 /* DropDown.swift */,
				1144E0491DDC3F0F00EDC6C4 /* DropDown+Appearance.swift */,
				1144E04A1DDC3F0F00EDC6C4 /* DropDownCell.swift */,
				1144E04B1DDC3F0F00EDC6C4 /* DropDownCell.xib */,
				1144E04C1DDC3F0F00EDC6C4 /* DropDown.h */,
				1144E04D1DDC3F0F00EDC6C4 /* DPDConstants.swift */,
				1144E04E1DDC3F0F00EDC6C4 /* DPDKeyboardListener.swift */,
				1144E04F1DDC3F0F00EDC6C4 /* DPDUIView+Extension.swift */,
			);
			name = DropDown;
			sourceTree = "<group>";
		};
		115CA1B61DC1BEB800BE9D57 /* PopUp */ = {
			isa = PBXGroup;
			children = (
				115CA1C01DC1D35100BE9D57 /* DemoPopupViewController2.swift */,
				115CA1C11DC1D35100BE9D57 /* DemoPopupViewController2.storyboard */,
				115CA1C41DC1D3B700BE9D57 /* PopupController.swift */,
				115CA1C51DC1D3B700BE9D57 /* FTPopOverMenu.h */,
				115CA1C61DC1D3B700BE9D57 /* FTPopOverMenu.m */,
			);
			name = PopUp;
			sourceTree = "<group>";
		};
		118DBBE31DB9FF9C000AF9EE /* FloatingView */ = {
			isa = PBXGroup;
			children = (
				118DBBE41DB9FFB7000AF9EE /* SkyFloatingLabelTextField.swift */,
				118DBBE51DB9FFB7000AF9EE /* SkyFloatingLabelTextFieldWithIcon.swift */,
				118DBBE61DB9FFB7000AF9EE /* UITextField+fixCaretPosition.swift */,
			);
			name = FloatingView;
			sourceTree = "<group>";
		};
		11D37EEE1DB8D9BF0014F202 /* SidePanel */ = {
			isa = PBXGroup;
			children = (
				11D37EE81DB8D75C0014F202 /* RedeemTableViewCell.swift */,
				11D37EE91DB8D75C0014F202 /* RedeemTableViewCell.xib */,
				11D37EEA1DB8D75C0014F202 /* ReedemViewController.swift */,
				111C7D0A1DC08E7D00D4FC09 /* membershipTableViewCell.swift */,
				111C7D081DC07E4200D4FC09 /* membershipTableViewCell.xib */,
				11D37EEF1DB8DA140014F202 /* ProfileMembershipViewController.swift */,
				181781B21DD0609A00A935FB /* Readme.txt */,
				18EA0EF01DE6B965007EC6E2 /* AboutCoupoconViewController.swift */,
			);
			name = SidePanel;
			sourceTree = "<group>";
		};
		12BC120F1E697432007F4FB6 /* 2_1 */ = {
			isa = PBXGroup;
			children = (
				12BC12191E699DE7007F4FB6 /* TurfCommonFunctions.swift */,
				12BC12101E697432007F4FB6 /* include */,
				12BC12161E697432007F4FB6 /* libPaymentsSDK.a */,
			);
			path = 2_1;
			sourceTree = "<group>";
		};
		12BC12101E697432007F4FB6 /* include */ = {
			isa = PBXGroup;
			children = (
				12BC12111E697432007F4FB6 /* PaymentsSDK.h */,
				12BC12121E697432007F4FB6 /* PGMerchantConfiguration.h */,
				12BC12131E697432007F4FB6 /* PGOrder.h */,
				12BC12141E697432007F4FB6 /* PGServerEnvironment.h */,
				12BC12151E697432007F4FB6 /* PGTransactionViewController.h */,
			);
			path = include;
			sourceTree = "<group>";
		};
		18057E3A1DAFC3550017F038 /* FB */ = {
			isa = PBXGroup;
			children = (
				18057E3B1DAFC37C0017F038 /* FBSDKCoreKit.framework */,
				18057E3C1DAFC37C0017F038 /* FBSDKLoginKit.framework */,
				18057E3D1DAFC37C0017F038 /* FBSDKShareKit.framework */,
			);
			name = FB;
			sourceTree = "<group>";
		};
		181781B41DD06AD100A935FB /* PayMent */ = {
			isa = PBXGroup;
			children = (
				181781B71DD06DE800A935FB /* CXPayMentController.swift */,
			);
			name = PayMent;
			sourceTree = "<group>";
		};
		181C04D11DB0BA26006C05FF /* Fonts */ = {
			isa = PBXGroup;
			children = (
				181C04D21DB0BA40006C05FF /* Roboto-Black.ttf */,
				181C04D31DB0BA40006C05FF /* Roboto-Bold.ttf */,
				181C04D41DB0BA40006C05FF /* Roboto-Italic.ttf */,
				181C04D51DB0BA40006C05FF /* Roboto-Light.ttf */,
				181C04D61DB0BA40006C05FF /* Roboto-Medium.ttf */,
				181C04D71DB0BA40006C05FF /* Roboto-Regular.ttf */,
				181C04D81DB0BA40006C05FF /* RobotoCondensed-Bold.ttf */,
				181C04D91DB0BA40006C05FF /* RobotoCondensed-Light.ttf */,
			);
			name = Fonts;
			sourceTree = "<group>";
		};
		181C04E21DB0EC41006C05FF /* AppDataManager */ = {
			isa = PBXGroup;
			children = (
				18D29F001DDC48DE00569AC9 /* CX_Stores+CoreDataProperties.swift */,
				18D29F011DDC48DE00569AC9 /* CX_Stores.swift */,
				1127C6B21DBE453100D92FF7 /* LoadingView.swift */,
				18D160601DB8DFFA009FF71D /* CX_SocialIntegration.swift */,
				181C04E31DB0EC4F006C05FF /* CXAppConfig.swift */,
				181C04E41DB0EC4F006C05FF /* CXDataService.swift */,
				181C04E51DB0EC4F006C05FF /* CXProjectConfiguration.plist */,
				18D1605C1DB8C903009FF71D /* UserProfile+CoreDataProperties.swift */,
				18D1605D1DB8C903009FF71D /* UserProfile.swift */,
			);
			name = AppDataManager;
			sourceTree = "<group>";
		};
		181C04E91DB0F3C9006C05FF /* Views */ = {
			isa = PBXGroup;
			children = (
				18EA0EF21DE6BA8E007EC6E2 /* AboutUsTableViewCell.swift */,
				18EA0EF31DE6BA8E007EC6E2 /* AboutUsTableViewCell.xib */,
				183763E61DDEEB4A00378F7F /* MerchantLocationTableViewCell.swift */,
				183763E81DDEEB5400378F7F /* MerchantLocationTableViewCell.xib */,
				183763E21DDEE2B700378F7F /* MerchantDetailsTableViewCell.xib */,
				183763E41DDEE30100378F7F /* MerchantDetailsTableViewCell.swift */,
				189E7C781DB7722000A48CE2 /* OfferTableViewCell.swift */,
				189E7C791DB7722000A48CE2 /* OfferTableViewCell.xib */,
				18ED49FE1DB4FEE100A612BA /* CollectionViewCell.swift */,
				18ED49FF1DB4FEE100A612BA /* CollectionViewCell.xib */,
				18ED49FA1DB4C5B100A612BA /* HomeCollectionViewCell.swift */,
				18ED49FB1DB4C5B100A612BA /* HomeCollectionViewCell.xib */,
				181C04EA1DB0F3F3006C05FF /* HomeTableCell.swift */,
				18ED4A451DB62F7C00A612BA /* CustomNavBar.swift */,
				115CA1C91DC1E45500BE9D57 /* DealsCollectionViewCell.swift */,
				115CA1CA1DC1E45500BE9D57 /* DealsCollectionViewCell.xib */,
				180085F71DD49EAD00BE8D70 /* OTPTextViewController.swift */,
			);
			name = Views;
			sourceTree = "<group>";
		};
		183763EA1DDF2AE900378F7F /* HowToUsePager */ = {
			isa = PBXGroup;
			children = (
				11FC0D171DE303D90065F1D3 /* BannerViewController.swift */,
				11FC0D131DE300880065F1D3 /* TutorialPageViewController.swift */,
				111C7D0C1DC0CD4F00D4FC09 /* TutorialViewController.swift */,
				11FC0D111DE2FEA50065F1D3 /* PagerMain.storyboard */,
			);
			name = HowToUsePager;
			sourceTree = "<group>";
		};
		18C1603C1DB1FE240083F16D /* SdWebImage */ = {
			isa = PBXGroup;
			children = (
				18C1603D1DB1FE740083F16D /* UIImageView+UIActivityIndicatorForSDWebImage.h */,
				18C1603E1DB1FE740083F16D /* UIImageView+UIActivityIndicatorForSDWebImage.m */,
			);
			name = SdWebImage;
			sourceTree = "<group>";
		};
		18C90BF71DAF78DF0053F8D7 = {
			isa = PBXGroup;
			children = (
				12BC120F1E697432007F4FB6 /* 2_1 */,
				125297271E69510A00D9C8D8 /* paytm_icon40.png */,
				125297291E6956E200D9C8D8 /* paytm_icon-icons.com_62731.png */,
				125297251E694F9200D9C8D8 /* paytm_icon.png */,
				18ED4A411DB617DB00A612BA /* OtherResources */,
				18C90C021DAF78DF0053F8D7 /* CoupCon */,
				18C90C1A1DAF78DF0053F8D7 /* CoupConTests */,
				18C90C251DAF78DF0053F8D7 /* CoupConUITests */,
				18C90C011DAF78DF0053F8D7 /* Products */,
				572338FD6D3F0DFCD7041D79 /* Pods */,
				693C31B5FFCFE8EF86A243C2 /* Frameworks */,
			);
			sourceTree = "<group>";
		};
		18C90C011DAF78DF0053F8D7 /* Products */ = {
			isa = PBXGroup;
			children = (
				18C90C001DAF78DF0053F8D7 /* Coupocon.app */,
				18C90C171DAF78DF0053F8D7 /* CoupoconTests.xctest */,
				18C90C221DAF78DF0053F8D7 /* CoupoconTests.xctest */,
			);
			name = Products;
			sourceTree = "<group>";
		};
		18C90C021DAF78DF0053F8D7 /* CoupCon */ = {
			isa = PBXGroup;
			children = (
				183763EA1DDF2AE900378F7F /* HowToUsePager */,
				1144E0461DDC3F0500EDC6C4 /* DropDown */,
				181781B41DD06AD100A935FB /* PayMent */,
				110B61DF1DC729C4006496E7 /* TextFieldModificationFiles */,
				115CA1B61DC1BEB800BE9D57 /* PopUp */,
				118DBBE31DB9FF9C000AF9EE /* FloatingView */,
				181C04E21DB0EC41006C05FF /* AppDataManager */,
				181C04D11DB0BA26006C05FF /* Fonts */,
				18057E411DAFCEE10017F038 /* GoogleService-Info.plist */,
				18057E3A1DAFC3550017F038 /* FB */,
				18C90C481DAF7CD40053F8D7 /* Controllers */,
				18C1603C1DB1FE240083F16D /* SdWebImage */,
				18C90C441DAF7CB40053F8D7 /* SWSidePanel */,
				18C90C031DAF78DF0053F8D7 /* AppDelegate.swift */,
				18C90C051DAF78DF0053F8D7 /* CXSigninViewController.swift */,
				118FB8801E3F51A200E70699 /* ForgotPasswordViewController.swift */,
				118FB8821E3F51AF00E70699 /* ChangePasswordViewController.swift */,
				118DBBE11DB9FB3A000AF9EE /* SignUpViewController.swift */,
				11904BF71DBDC56C009B768E /* OTPViewController.swift */,
				18C90C071DAF78DF0053F8D7 /* Main.storyboard */,
				18C90C0D1DAF78DF0053F8D7 /* Assets.xcassets */,
				18C90C0F1DAF78DF0053F8D7 /* LaunchScreen.storyboard */,
				18C90C121DAF78DF0053F8D7 /* Info.plist */,
				18C90C0A1DAF78DF0053F8D7 /* CoupCon.xcdatamodeld */,
				18C90C401DAF7C970053F8D7 /* CoupCon-Bridging-Header.h */,
			);
			path = CoupCon;
			sourceTree = "<group>";
		};
		18C90C1A1DAF78DF0053F8D7 /* CoupConTests */ = {
			isa = PBXGroup;
			children = (
				18C90C1B1DAF78DF0053F8D7 /* CoupConTests.swift */,
				18C90C1D1DAF78DF0053F8D7 /* Info.plist */,
			);
			path = CoupConTests;
			sourceTree = "<group>";
		};
		18C90C251DAF78DF0053F8D7 /* CoupConUITests */ = {
			isa = PBXGroup;
			children = (
				18C90C261DAF78DF0053F8D7 /* CoupConUITests.swift */,
				18C90C281DAF78DF0053F8D7 /* Info.plist */,
			);
			path = CoupConUITests;
			sourceTree = "<group>";
		};
		18C90C441DAF7CB40053F8D7 /* SWSidePanel */ = {
			isa = PBXGroup;
			children = (
				18057E2B1DAFA33B0017F038 /* ICSDrawerController.h */,
				18057E2C1DAFA33B0017F038 /* ICSDrawerController.m */,
				18057E2D1DAFA33B0017F038 /* ICSDropShadowView.h */,
				18057E2E1DAFA33B0017F038 /* ICSDropShadowView.m */,
				18C90C4D1DAF7EA60053F8D7 /* reveal-icon.png */,
				18C90C4E1DAF7EA60053F8D7 /* reveal-icon@2x.png */,
				18C90C451DAF7CC30053F8D7 /* SWRevealViewController.h */,
				18C90C461DAF7CC30053F8D7 /* SWRevealViewController.m */,
			);
			name = SWSidePanel;
			sourceTree = "<group>";
		};
		18C90C481DAF7CD40053F8D7 /* Controllers */ = {
			isa = PBXGroup;
			children = (
				11D37EEE1DB8D9BF0014F202 /* SidePanel */,
				18ED4A481DB6484800A612BA /* SegmentContollers */,
				181C04E91DB0F3C9006C05FF /* Views */,
				110DD1C41DB0AD9C001F9BC1 /* LeftViewController.swift */,
				110DD1C51DB0AD9C001F9BC1 /* TableViewCell.swift */,
				110DD1C61DB0AD9C001F9BC1 /* TableViewCell.xib */,
				18C90C491DAF7CED0053F8D7 /* HomeViewController.swift */,
				18C160501DB222820083F16D /* DealsViewController.swift */,
				18ED49F41DB4B07200A612BA /* FineDiningViewController.swift */,
				189E7C761DB7447800A48CE2 /* SearchViewController.swift */,
				189AB5EF1DDD8F0300749C6F /* HelpTableViewCell.swift */,
				189AB5F01DDD8F0300749C6F /* HelpTableViewCell.xib */,
				189AB5F11DDD8F0300749C6F /* HelpViewController.swift */,
			);
			name = Controllers;
			sourceTree = "<group>";
		};
		18ED4A411DB617DB00A612BA /* OtherResources */ = {
			isa = PBXGroup;
			children = (
				11414C941DD1CA7C00FDD9A2 /* OTP .rtf */,
				18ED4A421DB6180500A612BA /* KIImagePager.h */,
				18ED4A431DB6180500A612BA /* KIImagePager.m */,
			);
			name = OtherResources;
			sourceTree = "<group>";
		};
		18ED4A481DB6484800A612BA /* SegmentContollers */ = {
			isa = PBXGroup;
			children = (
				18ED4A4F1DB659F100A612BA /* Station.swift */,
				18ED4A491DB6486500A612BA /* AboutUsViewController.swift */,
				18ED4A4B1DB6488700A612BA /* MapViewController.swift */,
				18ED4A4D1DB6489E00A612BA /* OffersViewController.swift */,
			);
			name = SegmentContollers;
			sourceTree = "<group>";
		};
		572338FD6D3F0DFCD7041D79 /* Pods */ = {
			isa = PBXGroup;
			children = (
				7F4CEBA49048AE921AEF3807 /* Pods-CoupCon.debug.xcconfig */,
				7D514BA27D6025269F7204F0 /* Pods-CoupCon.release.xcconfig */,
				DE05C162DC6A10D511B5B4A3 /* Pods-CoupConTests.debug.xcconfig */,
				674211D20DF2F16091F4B75B /* Pods-CoupConTests.release.xcconfig */,
				2CDFCB9A19A5592344D69BBA /* Pods-CoupConUITests.debug.xcconfig */,
				820AEFDD7E72C3C143BF611B /* Pods-CoupConUITests.release.xcconfig */,
				587C0C23F0FFD806B8938F4E /* Pods-Coupocon.debug.xcconfig */,
				9061E91C34FAA3D23E008955 /* Pods-Coupocon.release.xcconfig */,
				510610CC6A3C9914A83AA84A /* Pods-CoupoconTests.debug.xcconfig */,
				01D564FF12EE00C760145839 /* Pods-CoupoconTests.release.xcconfig */,
				1026005AF2B4CD26A2B392BB /* Pods-CoupoconUITests.debug.xcconfig */,
				81E1C93157DC357F1F1E3A83 /* Pods-CoupoconUITests.release.xcconfig */,
			);
			name = Pods;
			sourceTree = "<group>";
		};
		693C31B5FFCFE8EF86A243C2 /* Frameworks */ = {
			isa = PBXGroup;
			children = (
				1800D6181DD9D548006B7492 /* SystemConfiguration.framework */,
				1184381C1DC86A1200DFE2FD /* AFNetworking.framework */,
				DEB40090EE11D5B76565BB03 /* Pods_CoupCon.framework */,
				C9FF100D70C4BCD9B1EF4A14 /* Pods_CoupConTests.framework */,
				56C41FBE6E97500FA66BFBF6 /* Pods_CoupConUITests.framework */,
				FC78A23309FC6A030117F9FB /* Pods_Coupocon.framework */,
				7F4C4F29A1DE34B19736C077 /* Pods_CoupoconTests.framework */,
				9D80A7E3F8C688E1DF991F78 /* Pods_CoupoconUITests.framework */,
			);
			name = Frameworks;
			sourceTree = "<group>";
		};
/* End PBXGroup section */

/* Begin PBXNativeTarget section */
		18C90BFF1DAF78DF0053F8D7 /* Coupocon */ = {
			isa = PBXNativeTarget;
			buildConfigurationList = 18C90C2B1DAF78DF0053F8D7 /* Build configuration list for PBXNativeTarget "Coupocon" */;
			buildPhases = (
				0423EBA6076DE861F9E80136 /* [CP] Check Pods Manifest.lock */,
				18C90BFC1DAF78DF0053F8D7 /* Sources */,
				18C90BFD1DAF78DF0053F8D7 /* Frameworks */,
				18C90BFE1DAF78DF0053F8D7 /* Resources */,
				B49D75EF945FA4C4FE11324F /* [CP] Embed Pods Frameworks */,
				D7B1EB2F33C80054806CEFDF /* [CP] Copy Pods Resources */,
			);
			buildRules = (
			);
			dependencies = (
			);
			name = Coupocon;
			productName = CoupCon;
			productReference = 18C90C001DAF78DF0053F8D7 /* Coupocon.app */;
			productType = "com.apple.product-type.application";
		};
		18C90C161DAF78DF0053F8D7 /* CoupoconTests */ = {
			isa = PBXNativeTarget;
			buildConfigurationList = 18C90C2E1DAF78DF0053F8D7 /* Build configuration list for PBXNativeTarget "CoupoconTests" */;
			buildPhases = (
				B8DAB92CF76ECD91D4FEDB41 /* [CP] Check Pods Manifest.lock */,
				18C90C131DAF78DF0053F8D7 /* Sources */,
				18C90C141DAF78DF0053F8D7 /* Frameworks */,
				18C90C151DAF78DF0053F8D7 /* Resources */,
				6B7BA6D8336BE622A504D676 /* [CP] Embed Pods Frameworks */,
				84C470C65728A90F95FA882C /* [CP] Copy Pods Resources */,
			);
			buildRules = (
			);
			dependencies = (
				18C90C191DAF78DF0053F8D7 /* PBXTargetDependency */,
			);
			name = CoupoconTests;
			productName = CoupConTests;
			productReference = 18C90C171DAF78DF0053F8D7 /* CoupoconTests.xctest */;
			productType = "com.apple.product-type.bundle.unit-test";
		};
		18C90C211DAF78DF0053F8D7 /* CoupoconUITests */ = {
			isa = PBXNativeTarget;
			buildConfigurationList = 18C90C311DAF78DF0053F8D7 /* Build configuration list for PBXNativeTarget "CoupoconUITests" */;
			buildPhases = (
				958A03A34B87071642231DD8 /* [CP] Check Pods Manifest.lock */,
				18C90C1E1DAF78DF0053F8D7 /* Sources */,
				18C90C1F1DAF78DF0053F8D7 /* Frameworks */,
				18C90C201DAF78DF0053F8D7 /* Resources */,
				3FE81C5E8ACB1B2971D81DA2 /* [CP] Copy Pods Resources */,
				B70F2FB69DA9C055F8F43582 /* [CP] Embed Pods Frameworks */,
			);
			buildRules = (
			);
			dependencies = (
				18C90C241DAF78DF0053F8D7 /* PBXTargetDependency */,
			);
			name = CoupoconUITests;
			productName = CoupConUITests;
			productReference = 18C90C221DAF78DF0053F8D7 /* CoupoconTests.xctest */;
			productType = "com.apple.product-type.bundle.ui-testing";
		};
/* End PBXNativeTarget section */

/* Begin PBXProject section */
		18C90BF81DAF78DF0053F8D7 /* Project object */ = {
			isa = PBXProject;
			attributes = {
				LastSwiftUpdateCheck = 0730;
				LastUpgradeCheck = 0730;
				ORGANIZATIONNAME = CX;
				TargetAttributes = {
					18C90BFF1DAF78DF0053F8D7 = {
						CreatedOnToolsVersion = 7.3;
						SystemCapabilities = {
							com.apple.Push = {
								enabled = 1;
							};
						};
					};
					18C90C161DAF78DF0053F8D7 = {
						CreatedOnToolsVersion = 7.3;
						TestTargetID = 18C90BFF1DAF78DF0053F8D7;
					};
					18C90C211DAF78DF0053F8D7 = {
						CreatedOnToolsVersion = 7.3;
						TestTargetID = 18C90BFF1DAF78DF0053F8D7;
					};
				};
			};
			buildConfigurationList = 18C90BFB1DAF78DF0053F8D7 /* Build configuration list for PBXProject "Coupocon" */;
			compatibilityVersion = "Xcode 3.2";
			developmentRegion = English;
			hasScannedForEncodings = 0;
			knownRegions = (
				en,
				Base,
			);
			mainGroup = 18C90BF71DAF78DF0053F8D7;
			productRefGroup = 18C90C011DAF78DF0053F8D7 /* Products */;
			projectDirPath = "";
			projectRoot = "";
			targets = (
				18C90BFF1DAF78DF0053F8D7 /* Coupocon */,
				18C90C161DAF78DF0053F8D7 /* CoupoconTests */,
				18C90C211DAF78DF0053F8D7 /* CoupoconUITests */,
			);
		};
/* End PBXProject section */

/* Begin PBXResourcesBuildPhase section */
		18C90BFE1DAF78DF0053F8D7 /* Resources */ = {
			isa = PBXResourcesBuildPhase;
			buildActionMask = 2147483647;
			files = (
				12BC12181E6979BB007F4FB6 /* PGTransactionViewController.h in Resources */,
				183763E91DDEEB5400378F7F /* MerchantLocationTableViewCell.xib in Resources */,
				18EA0EF51DE6BA8E007EC6E2 /* AboutUsTableViewCell.xib in Resources */,
				181C04E81DB0EC4F006C05FF /* CXProjectConfiguration.plist in Resources */,
				181C04DA1DB0BA4D006C05FF /* Roboto-Black.ttf in Resources */,
				189E7C7B1DB7722000A48CE2 /* OfferTableViewCell.xib in Resources */,
				181C04DB1DB0BA4D006C05FF /* Roboto-Bold.ttf in Resources */,
				11FC0D121DE2FEA50065F1D3 /* PagerMain.storyboard in Resources */,
				111C7D091DC07E4200D4FC09 /* membershipTableViewCell.xib in Resources */,
				11414C951DD1CA7C00FDD9A2 /* OTP .rtf in Resources */,
				181C04DC1DB0BA4D006C05FF /* Roboto-Italic.ttf in Resources */,
				181781B31DD0609A00A935FB /* Readme.txt in Resources */,
				183763E31DDEE2B700378F7F /* MerchantDetailsTableViewCell.xib in Resources */,
				11D37EEC1DB8D75C0014F202 /* RedeemTableViewCell.xib in Resources */,
				181C04DD1DB0BA4D006C05FF /* Roboto-Light.ttf in Resources */,
				125297281E69510A00D9C8D8 /* paytm_icon40.png in Resources */,
				181C04DE1DB0BA4D006C05FF /* Roboto-Medium.ttf in Resources */,
				181C04DF1DB0BA4D006C05FF /* Roboto-Regular.ttf in Resources */,
				181C04E01DB0BA4D006C05FF /* RobotoCondensed-Bold.ttf in Resources */,
				189AB5F31DDD8F0300749C6F /* HelpTableViewCell.xib in Resources */,
				18ED4A011DB4FEE100A612BA /* CollectionViewCell.xib in Resources */,
				115CA1C31DC1D35100BE9D57 /* DemoPopupViewController2.storyboard in Resources */,
				125297261E694F9200D9C8D8 /* paytm_icon.png in Resources */,
				181C04E11DB0BA4D006C05FF /* RobotoCondensed-Light.ttf in Resources */,
				18C90C111DAF78DF0053F8D7 /* LaunchScreen.storyboard in Resources */,
				1252972A1E6956E200D9C8D8 /* paytm_icon-icons.com_62731.png in Resources */,
				115CA1CC1DC1E45500BE9D57 /* DealsCollectionViewCell.xib in Resources */,
				18C90C501DAF7EA60053F8D7 /* reveal-icon@2x.png in Resources */,
				110DD1C91DB0AD9C001F9BC1 /* TableViewCell.xib in Resources */,
				1144E0541DDC3F0F00EDC6C4 /* DropDownCell.xib in Resources */,
				18C90C0E1DAF78DF0053F8D7 /* Assets.xcassets in Resources */,
				18ED49FD1DB4C5B100A612BA /* HomeCollectionViewCell.xib in Resources */,
				18C90C091DAF78DF0053F8D7 /* Main.storyboard in Resources */,
				18C90C4F1DAF7EA60053F8D7 /* reveal-icon.png in Resources */,
				18057E421DAFCEE10017F038 /* GoogleService-Info.plist in Resources */,
			);
			runOnlyForDeploymentPostprocessing = 0;
		};
		18C90C151DAF78DF0053F8D7 /* Resources */ = {
			isa = PBXResourcesBuildPhase;
			buildActionMask = 2147483647;
			files = (
			);
			runOnlyForDeploymentPostprocessing = 0;
		};
		18C90C201DAF78DF0053F8D7 /* Resources */ = {
			isa = PBXResourcesBuildPhase;
			buildActionMask = 2147483647;
			files = (
			);
			runOnlyForDeploymentPostprocessing = 0;
		};
/* End PBXResourcesBuildPhase section */

/* Begin PBXShellScriptBuildPhase section */
		0423EBA6076DE861F9E80136 /* [CP] Check Pods Manifest.lock */ = {
			isa = PBXShellScriptBuildPhase;
			buildActionMask = 2147483647;
			files = (
			);
			inputPaths = (
			);
			name = "[CP] Check Pods Manifest.lock";
			outputPaths = (
			);
			runOnlyForDeploymentPostprocessing = 0;
			shellPath = /bin/sh;
			shellScript = "diff \"${PODS_ROOT}/../Podfile.lock\" \"${PODS_ROOT}/Manifest.lock\" > /dev/null\nif [ $? != 0 ] ; then\n    # print error to STDERR\n    echo \"error: The sandbox is not in sync with the Podfile.lock. Run 'pod install' or update your CocoaPods installation.\" >&2\n    exit 1\nfi\n";
			showEnvVarsInLog = 0;
		};
		3FE81C5E8ACB1B2971D81DA2 /* [CP] Copy Pods Resources */ = {
			isa = PBXShellScriptBuildPhase;
			buildActionMask = 2147483647;
			files = (
			);
			inputPaths = (
			);
			name = "[CP] Copy Pods Resources";
			outputPaths = (
			);
			runOnlyForDeploymentPostprocessing = 0;
			shellPath = /bin/sh;
			shellScript = "\"${SRCROOT}/Pods/Target Support Files/Pods-CoupoconUITests/Pods-CoupoconUITests-resources.sh\"\n";
			showEnvVarsInLog = 0;
		};
		6B7BA6D8336BE622A504D676 /* [CP] Embed Pods Frameworks */ = {
			isa = PBXShellScriptBuildPhase;
			buildActionMask = 2147483647;
			files = (
			);
			inputPaths = (
			);
			name = "[CP] Embed Pods Frameworks";
			outputPaths = (
			);
			runOnlyForDeploymentPostprocessing = 0;
			shellPath = /bin/sh;
			shellScript = "\"${SRCROOT}/Pods/Target Support Files/Pods-CoupoconTests/Pods-CoupoconTests-frameworks.sh\"\n";
			showEnvVarsInLog = 0;
		};
		84C470C65728A90F95FA882C /* [CP] Copy Pods Resources */ = {
			isa = PBXShellScriptBuildPhase;
			buildActionMask = 2147483647;
			files = (
			);
			inputPaths = (
			);
			name = "[CP] Copy Pods Resources";
			outputPaths = (
			);
			runOnlyForDeploymentPostprocessing = 0;
			shellPath = /bin/sh;
			shellScript = "\"${SRCROOT}/Pods/Target Support Files/Pods-CoupoconTests/Pods-CoupoconTests-resources.sh\"\n";
			showEnvVarsInLog = 0;
		};
		958A03A34B87071642231DD8 /* [CP] Check Pods Manifest.lock */ = {
			isa = PBXShellScriptBuildPhase;
			buildActionMask = 2147483647;
			files = (
			);
			inputPaths = (
			);
			name = "[CP] Check Pods Manifest.lock";
			outputPaths = (
			);
			runOnlyForDeploymentPostprocessing = 0;
			shellPath = /bin/sh;
			shellScript = "diff \"${PODS_ROOT}/../Podfile.lock\" \"${PODS_ROOT}/Manifest.lock\" > /dev/null\nif [ $? != 0 ] ; then\n    # print error to STDERR\n    echo \"error: The sandbox is not in sync with the Podfile.lock. Run 'pod install' or update your CocoaPods installation.\" >&2\n    exit 1\nfi\n";
			showEnvVarsInLog = 0;
		};
		B49D75EF945FA4C4FE11324F /* [CP] Embed Pods Frameworks */ = {
			isa = PBXShellScriptBuildPhase;
			buildActionMask = 2147483647;
			files = (
			);
			inputPaths = (
			);
			name = "[CP] Embed Pods Frameworks";
			outputPaths = (
			);
			runOnlyForDeploymentPostprocessing = 0;
			shellPath = /bin/sh;
			shellScript = "\"${SRCROOT}/Pods/Target Support Files/Pods-Coupocon/Pods-Coupocon-frameworks.sh\"\n";
			showEnvVarsInLog = 0;
		};
		B70F2FB69DA9C055F8F43582 /* [CP] Embed Pods Frameworks */ = {
			isa = PBXShellScriptBuildPhase;
			buildActionMask = 2147483647;
			files = (
			);
			inputPaths = (
			);
			name = "[CP] Embed Pods Frameworks";
			outputPaths = (
			);
			runOnlyForDeploymentPostprocessing = 0;
			shellPath = /bin/sh;
			shellScript = "\"${SRCROOT}/Pods/Target Support Files/Pods-CoupoconUITests/Pods-CoupoconUITests-frameworks.sh\"\n";
			showEnvVarsInLog = 0;
		};
		B8DAB92CF76ECD91D4FEDB41 /* [CP] Check Pods Manifest.lock */ = {
			isa = PBXShellScriptBuildPhase;
			buildActionMask = 2147483647;
			files = (
			);
			inputPaths = (
			);
			name = "[CP] Check Pods Manifest.lock";
			outputPaths = (
			);
			runOnlyForDeploymentPostprocessing = 0;
			shellPath = /bin/sh;
			shellScript = "diff \"${PODS_ROOT}/../Podfile.lock\" \"${PODS_ROOT}/Manifest.lock\" > /dev/null\nif [ $? != 0 ] ; then\n    # print error to STDERR\n    echo \"error: The sandbox is not in sync with the Podfile.lock. Run 'pod install' or update your CocoaPods installation.\" >&2\n    exit 1\nfi\n";
			showEnvVarsInLog = 0;
		};
		D7B1EB2F33C80054806CEFDF /* [CP] Copy Pods Resources */ = {
			isa = PBXShellScriptBuildPhase;
			buildActionMask = 2147483647;
			files = (
			);
			inputPaths = (
			);
			name = "[CP] Copy Pods Resources";
			outputPaths = (
			);
			runOnlyForDeploymentPostprocessing = 0;
			shellPath = /bin/sh;
			shellScript = "\"${SRCROOT}/Pods/Target Support Files/Pods-Coupocon/Pods-Coupocon-resources.sh\"\n";
			showEnvVarsInLog = 0;
		};
/* End PBXShellScriptBuildPhase section */

/* Begin PBXSourcesBuildPhase section */
		18C90BFC1DAF78DF0053F8D7 /* Sources */ = {
			isa = PBXSourcesBuildPhase;
			buildActionMask = 2147483647;
			files = (
				118FB8811E3F51A200E70699 /* ForgotPasswordViewController.swift in Sources */,
				118DBBE91DB9FFB7000AF9EE /* UITextField+fixCaretPosition.swift in Sources */,
				18D160631DB8E088009FF71D /* UserProfile.swift in Sources */,
				18D160621DB8E074009FF71D /* CX_SocialIntegration.swift in Sources */,
				111C7D0B1DC08E7D00D4FC09 /* membershipTableViewCell.swift in Sources */,
				18ED4A4A1DB6486500A612BA /* AboutUsViewController.swift in Sources */,
				18ED4A461DB62F7C00A612BA /* CustomNavBar.swift in Sources */,
				1127C6B31DBE453100D92FF7 /* LoadingView.swift in Sources */,
				180085F81DD49EAD00BE8D70 /* OTPTextViewController.swift in Sources */,
				18EA0EF11DE6B965007EC6E2 /* AboutCoupoconViewController.swift in Sources */,
				18C160511DB222820083F16D /* DealsViewController.swift in Sources */,
				18C90C4A1DAF7CED0053F8D7 /* HomeViewController.swift in Sources */,
				11D37EF01DB8DA140014F202 /* ProfileMembershipViewController.swift in Sources */,
				18ED4A001DB4FEE100A612BA /* CollectionViewCell.swift in Sources */,
				18C90C0C1DAF78DF0053F8D7 /* CoupCon.xcdatamodeld in Sources */,
				118DBBE81DB9FFB7000AF9EE /* SkyFloatingLabelTextFieldWithIcon.swift in Sources */,
				18ED49F51DB4B07200A612BA /* FineDiningViewController.swift in Sources */,
				11904BF81DBDC56C009B768E /* OTPViewController.swift in Sources */,
				118DBBE21DB9FB3A000AF9EE /* SignUpViewController.swift in Sources */,
				115CA1C71DC1D3B700BE9D57 /* PopupController.swift in Sources */,
				181C04E71DB0EC4F006C05FF /* CXDataService.swift in Sources */,
				115CA1C21DC1D35100BE9D57 /* DemoPopupViewController2.swift in Sources */,
				118DBBE71DB9FFB7000AF9EE /* SkyFloatingLabelTextField.swift in Sources */,
				18C90C061DAF78DF0053F8D7 /* CXSigninViewController.swift in Sources */,
				115CA1CB1DC1E45500BE9D57 /* DealsCollectionViewCell.swift in Sources */,
				1144E0571DDC3F0F00EDC6C4 /* DPDUIView+Extension.swift in Sources */,
				110DD1C81DB0AD9C001F9BC1 /* TableViewCell.swift in Sources */,
				1144E0521DDC3F0F00EDC6C4 /* DropDown+Appearance.swift in Sources */,
				11FC0D141DE300880065F1D3 /* TutorialPageViewController.swift in Sources */,
				18057E301DAFA33B0017F038 /* ICSDropShadowView.m in Sources */,
				18EA0EF41DE6BA8E007EC6E2 /* AboutUsTableViewCell.swift in Sources */,
				12BC121A1E699DE7007F4FB6 /* TurfCommonFunctions.swift in Sources */,
				111C7D0D1DC0CD4F00D4FC09 /* TutorialViewController.swift in Sources */,
				1144E0561DDC3F0F00EDC6C4 /* DPDKeyboardListener.swift in Sources */,
				11D37EED1DB8D75C0014F202 /* ReedemViewController.swift in Sources */,
				189AB5F21DDD8F0300749C6F /* HelpTableViewCell.swift in Sources */,
				189AB5F41DDD8F0300749C6F /* HelpViewController.swift in Sources */,
				181781B81DD06DE800A935FB /* CXPayMentController.swift in Sources */,
				18C90C041DAF78DF0053F8D7 /* AppDelegate.swift in Sources */,
				11FC0D181DE303D90065F1D3 /* BannerViewController.swift in Sources */,
				18ED49FC1DB4C5B100A612BA /* HomeCollectionViewCell.swift in Sources */,
				18ED4A4C1DB6488700A612BA /* MapViewController.swift in Sources */,
				18ED4A441DB6180500A612BA /* KIImagePager.m in Sources */,
				11D37EEB1DB8D75C0014F202 /* RedeemTableViewCell.swift in Sources */,
				181C04E61DB0EC4F006C05FF /* CXAppConfig.swift in Sources */,
				110B61E11DC729ED006496E7 /* TextFieldMaximumLength.swift in Sources */,
				110DD1C71DB0AD9C001F9BC1 /* LeftViewController.swift in Sources */,
				18D29F031DDC48DE00569AC9 /* CX_Stores.swift in Sources */,
				18D1605E1DB8C903009FF71D /* UserProfile+CoreDataProperties.swift in Sources */,
				1144E0501DDC3F0F00EDC6C4 /* NiceButton.swift in Sources */,
				1144E0511DDC3F0F00EDC6C4 /* DropDown.swift in Sources */,
				1144E0531DDC3F0F00EDC6C4 /* DropDownCell.swift in Sources */,
				183763E51DDEE30100378F7F /* MerchantDetailsTableViewCell.swift in Sources */,
				183763E71DDEEB4A00378F7F /* MerchantLocationTableViewCell.swift in Sources */,
				18ED4A501DB659F100A612BA /* Station.swift in Sources */,
				189E7C771DB7447800A48CE2 /* SearchViewController.swift in Sources */,
				18057E2F1DAFA33B0017F038 /* ICSDrawerController.m in Sources */,
				115CA1C81DC1D3B700BE9D57 /* FTPopOverMenu.m in Sources */,
				1144E0551DDC3F0F00EDC6C4 /* DPDConstants.swift in Sources */,
				118FB8831E3F51AF00E70699 /* ChangePasswordViewController.swift in Sources */,
				18C90C471DAF7CC30053F8D7 /* SWRevealViewController.m in Sources */,
				189E7C7A1DB7722000A48CE2 /* OfferTableViewCell.swift in Sources */,
				18D29F021DDC48DE00569AC9 /* CX_Stores+CoreDataProperties.swift in Sources */,
				181C04EB1DB0F3F3006C05FF /* HomeTableCell.swift in Sources */,
				18C1603F1DB1FE740083F16D /* UIImageView+UIActivityIndicatorForSDWebImage.m in Sources */,
				18ED4A4E1DB6489E00A612BA /* OffersViewController.swift in Sources */,
			);
			runOnlyForDeploymentPostprocessing = 0;
		};
		18C90C131DAF78DF0053F8D7 /* Sources */ = {
			isa = PBXSourcesBuildPhase;
			buildActionMask = 2147483647;
			files = (
				18C90C1C1DAF78DF0053F8D7 /* CoupConTests.swift in Sources */,
			);
			runOnlyForDeploymentPostprocessing = 0;
		};
		18C90C1E1DAF78DF0053F8D7 /* Sources */ = {
			isa = PBXSourcesBuildPhase;
			buildActionMask = 2147483647;
			files = (
				18C90C271DAF78DF0053F8D7 /* CoupConUITests.swift in Sources */,
			);
			runOnlyForDeploymentPostprocessing = 0;
		};
/* End PBXSourcesBuildPhase section */

/* Begin PBXTargetDependency section */
		18C90C191DAF78DF0053F8D7 /* PBXTargetDependency */ = {
			isa = PBXTargetDependency;
			target = 18C90BFF1DAF78DF0053F8D7 /* Coupocon */;
			targetProxy = 18C90C181DAF78DF0053F8D7 /* PBXContainerItemProxy */;
		};
		18C90C241DAF78DF0053F8D7 /* PBXTargetDependency */ = {
			isa = PBXTargetDependency;
			target = 18C90BFF1DAF78DF0053F8D7 /* Coupocon */;
			targetProxy = 18C90C231DAF78DF0053F8D7 /* PBXContainerItemProxy */;
		};
/* End PBXTargetDependency section */

/* Begin PBXVariantGroup section */
		18C90C071DAF78DF0053F8D7 /* Main.storyboard */ = {
			isa = PBXVariantGroup;
			children = (
				18C90C081DAF78DF0053F8D7 /* Base */,
			);
			name = Main.storyboard;
			sourceTree = "<group>";
		};
		18C90C0F1DAF78DF0053F8D7 /* LaunchScreen.storyboard */ = {
			isa = PBXVariantGroup;
			children = (
				18C90C101DAF78DF0053F8D7 /* Base */,
			);
			name = LaunchScreen.storyboard;
			sourceTree = "<group>";
		};
/* End PBXVariantGroup section */

/* Begin XCBuildConfiguration section */
		18C90C291DAF78DF0053F8D7 /* Debug */ = {
			isa = XCBuildConfiguration;
			buildSettings = {
				ALWAYS_SEARCH_USER_PATHS = NO;
				CLANG_ANALYZER_NONNULL = YES;
				CLANG_CXX_LANGUAGE_STANDARD = "gnu++0x";
				CLANG_CXX_LIBRARY = "libc++";
				CLANG_ENABLE_MODULES = YES;
				CLANG_ENABLE_OBJC_ARC = YES;
				CLANG_WARN_BOOL_CONVERSION = YES;
				CLANG_WARN_CONSTANT_CONVERSION = YES;
				CLANG_WARN_DIRECT_OBJC_ISA_USAGE = YES_ERROR;
				CLANG_WARN_EMPTY_BODY = YES;
				CLANG_WARN_ENUM_CONVERSION = YES;
				CLANG_WARN_INT_CONVERSION = YES;
				CLANG_WARN_OBJC_ROOT_CLASS = YES_ERROR;
				CLANG_WARN_UNREACHABLE_CODE = YES;
				CLANG_WARN__DUPLICATE_METHOD_MATCH = YES;
				CODE_SIGN_IDENTITY = "iPhone Distribution: RAMAKRISHNA K (95Y7Y2H9V8)";
				"CODE_SIGN_IDENTITY[sdk=iphoneos*]" = "iPhone Distribution: RAMAKRISHNA K (95Y7Y2H9V8)";
				COPY_PHASE_STRIP = NO;
				DEBUG_INFORMATION_FORMAT = dwarf;
				ENABLE_BITCODE = NO;
				ENABLE_STRICT_OBJC_MSGSEND = YES;
				ENABLE_TESTABILITY = YES;
				GCC_C_LANGUAGE_STANDARD = gnu99;
				GCC_DYNAMIC_NO_PIC = NO;
				GCC_NO_COMMON_BLOCKS = YES;
				GCC_OPTIMIZATION_LEVEL = 0;
				GCC_PREPROCESSOR_DEFINITIONS = (
					"DEBUG=1",
					"$(inherited)",
				);
				GCC_WARN_64_TO_32_BIT_CONVERSION = YES;
				GCC_WARN_ABOUT_RETURN_TYPE = YES_ERROR;
				GCC_WARN_UNDECLARED_SELECTOR = YES;
				GCC_WARN_UNINITIALIZED_AUTOS = YES_AGGRESSIVE;
				GCC_WARN_UNUSED_FUNCTION = YES;
				GCC_WARN_UNUSED_VARIABLE = YES;
				IPHONEOS_DEPLOYMENT_TARGET = 9.3;
				MTL_ENABLE_DEBUG_INFO = YES;
				ONLY_ACTIVE_ARCH = YES;
				PROVISIONING_PROFILE = "a7204e35-c100-4fa0-85cd-ab4659ea91dc";
				SDKROOT = iphoneos;
				SWIFT_OPTIMIZATION_LEVEL = "-Onone";
			};
			name = Debug;
		};
		18C90C2A1DAF78DF0053F8D7 /* Release */ = {
			isa = XCBuildConfiguration;
			buildSettings = {
				ALWAYS_SEARCH_USER_PATHS = NO;
				CLANG_ANALYZER_NONNULL = YES;
				CLANG_CXX_LANGUAGE_STANDARD = "gnu++0x";
				CLANG_CXX_LIBRARY = "libc++";
				CLANG_ENABLE_MODULES = YES;
				CLANG_ENABLE_OBJC_ARC = YES;
				CLANG_WARN_BOOL_CONVERSION = YES;
				CLANG_WARN_CONSTANT_CONVERSION = YES;
				CLANG_WARN_DIRECT_OBJC_ISA_USAGE = YES_ERROR;
				CLANG_WARN_EMPTY_BODY = YES;
				CLANG_WARN_ENUM_CONVERSION = YES;
				CLANG_WARN_INT_CONVERSION = YES;
				CLANG_WARN_OBJC_ROOT_CLASS = YES_ERROR;
				CLANG_WARN_UNREACHABLE_CODE = YES;
				CLANG_WARN__DUPLICATE_METHOD_MATCH = YES;
				CODE_SIGN_IDENTITY = "iPhone Distribution: RAMAKRISHNA K (95Y7Y2H9V8)";
				"CODE_SIGN_IDENTITY[sdk=iphoneos*]" = "iPhone Distribution: RAMAKRISHNA K (95Y7Y2H9V8)";
				COPY_PHASE_STRIP = NO;
				DEBUG_INFORMATION_FORMAT = "dwarf-with-dsym";
				ENABLE_BITCODE = NO;
				ENABLE_NS_ASSERTIONS = NO;
				ENABLE_STRICT_OBJC_MSGSEND = YES;
				GCC_C_LANGUAGE_STANDARD = gnu99;
				GCC_NO_COMMON_BLOCKS = YES;
				GCC_WARN_64_TO_32_BIT_CONVERSION = YES;
				GCC_WARN_ABOUT_RETURN_TYPE = YES_ERROR;
				GCC_WARN_UNDECLARED_SELECTOR = YES;
				GCC_WARN_UNINITIALIZED_AUTOS = YES_AGGRESSIVE;
				GCC_WARN_UNUSED_FUNCTION = YES;
				GCC_WARN_UNUSED_VARIABLE = YES;
				IPHONEOS_DEPLOYMENT_TARGET = 9.3;
				MTL_ENABLE_DEBUG_INFO = NO;
				PROVISIONING_PROFILE = "a7204e35-c100-4fa0-85cd-ab4659ea91dc";
				SDKROOT = iphoneos;
				VALIDATE_PRODUCT = YES;
			};
			name = Release;
		};
		18C90C2C1DAF78DF0053F8D7 /* Debug */ = {
			isa = XCBuildConfiguration;
			baseConfigurationReference = 587C0C23F0FFD806B8938F4E /* Pods-Coupocon.debug.xcconfig */;
			buildSettings = {
				ASSETCATALOG_COMPILER_APPICON_NAME = AppIcon;
				ASSETCATALOG_COMPILER_LAUNCHIMAGE_NAME = LaunchImage;
				CLANG_ENABLE_MODULES = YES;
				CODE_SIGN_IDENTITY = "iPhone Distribution: RAMAKRISHNA K (95Y7Y2H9V8)";
				"CODE_SIGN_IDENTITY[sdk=iphoneos*]" = "iPhone Distribution: RAMAKRISHNA K (95Y7Y2H9V8)";
				ENABLE_BITCODE = NO;
				FRAMEWORK_SEARCH_PATHS = (
					"$(inherited)",
					"$(PROJECT_DIR)/CoupCon/FB",
				);
				INFOPLIST_FILE = CoupCon/Info.plist;
				IPHONEOS_DEPLOYMENT_TARGET = 9.3;
				LD_RUNPATH_SEARCH_PATHS = "$(inherited) @executable_path/Frameworks";
				LIBRARY_SEARCH_PATHS = (
					"$(inherited)",
					"$(PROJECT_DIR)/2_1",
				);
				PRODUCT_BUNDLE_IDENTIFIER = com.creativexperts.cupocon;
				PRODUCT_NAME = Coupocon;
				PROVISIONING_PROFILE = "a7204e35-c100-4fa0-85cd-ab4659ea91dc";
				SWIFT_OBJC_BRIDGING_HEADER = "CoupCon-Bridging-Header.h";
				SWIFT_OPTIMIZATION_LEVEL = "-Onone";
			};
			name = Debug;
		};
		18C90C2D1DAF78DF0053F8D7 /* Release */ = {
			isa = XCBuildConfiguration;
			baseConfigurationReference = 9061E91C34FAA3D23E008955 /* Pods-Coupocon.release.xcconfig */;
			buildSettings = {
				ASSETCATALOG_COMPILER_APPICON_NAME = AppIcon;
				ASSETCATALOG_COMPILER_LAUNCHIMAGE_NAME = LaunchImage;
				CLANG_ENABLE_MODULES = YES;
				CODE_SIGN_IDENTITY = "iPhone Distribution: RAMAKRISHNA K (95Y7Y2H9V8)";
				"CODE_SIGN_IDENTITY[sdk=iphoneos*]" = "iPhone Distribution: RAMAKRISHNA K (95Y7Y2H9V8)";
				ENABLE_BITCODE = NO;
				FRAMEWORK_SEARCH_PATHS = (
					"$(inherited)",
					"$(PROJECT_DIR)/CoupCon/FB",
				);
				INFOPLIST_FILE = CoupCon/Info.plist;
				IPHONEOS_DEPLOYMENT_TARGET = 9.3;
				LD_RUNPATH_SEARCH_PATHS = "$(inherited) @executable_path/Frameworks";
				LIBRARY_SEARCH_PATHS = (
					"$(inherited)",
					"$(PROJECT_DIR)/2_1",
				);
				PRODUCT_BUNDLE_IDENTIFIER = com.creativexperts.cupocon;
				PRODUCT_NAME = Coupocon;
				PROVISIONING_PROFILE = "a7204e35-c100-4fa0-85cd-ab4659ea91dc";
				SWIFT_OBJC_BRIDGING_HEADER = "CoupCon-Bridging-Header.h";
			};
			name = Release;
		};
		18C90C2F1DAF78DF0053F8D7 /* Debug */ = {
			isa = XCBuildConfiguration;
			baseConfigurationReference = 510610CC6A3C9914A83AA84A /* Pods-CoupoconTests.debug.xcconfig */;
			buildSettings = {
				BUNDLE_LOADER = "$(TEST_HOST)";
				INFOPLIST_FILE = CoupConTests/Info.plist;
				LD_RUNPATH_SEARCH_PATHS = "$(inherited) @executable_path/Frameworks @loader_path/Frameworks";
				PRODUCT_BUNDLE_IDENTIFIER = CX.Coupcon.CoupConTests;
				PRODUCT_NAME = CoupoconTests;
				TEST_HOST = "$(BUILT_PRODUCTS_DIR)/Coupocon.app/Coupocon";
			};
			name = Debug;
		};
		18C90C301DAF78DF0053F8D7 /* Release */ = {
			isa = XCBuildConfiguration;
			baseConfigurationReference = 01D564FF12EE00C760145839 /* Pods-CoupoconTests.release.xcconfig */;
			buildSettings = {
				BUNDLE_LOADER = "$(TEST_HOST)";
				INFOPLIST_FILE = CoupConTests/Info.plist;
				LD_RUNPATH_SEARCH_PATHS = "$(inherited) @executable_path/Frameworks @loader_path/Frameworks";
				PRODUCT_BUNDLE_IDENTIFIER = CX.Coupcon.CoupConTests;
				PRODUCT_NAME = CoupoconTests;
				TEST_HOST = "$(BUILT_PRODUCTS_DIR)/Coupocon.app/Coupocon";
			};
			name = Release;
		};
		18C90C321DAF78DF0053F8D7 /* Debug */ = {
			isa = XCBuildConfiguration;
			baseConfigurationReference = 1026005AF2B4CD26A2B392BB /* Pods-CoupoconUITests.debug.xcconfig */;
			buildSettings = {
				INFOPLIST_FILE = CoupConUITests/Info.plist;
				LD_RUNPATH_SEARCH_PATHS = "$(inherited) @executable_path/Frameworks @loader_path/Frameworks";
				PRODUCT_BUNDLE_IDENTIFIER = CX.Coupcon.CoupConUITests;
				PRODUCT_NAME = CoupoconTests;
				TEST_TARGET_NAME = CoupCon;
			};
			name = Debug;
		};
		18C90C331DAF78DF0053F8D7 /* Release */ = {
			isa = XCBuildConfiguration;
			baseConfigurationReference = 81E1C93157DC357F1F1E3A83 /* Pods-CoupoconUITests.release.xcconfig */;
			buildSettings = {
				INFOPLIST_FILE = CoupConUITests/Info.plist;
				LD_RUNPATH_SEARCH_PATHS = "$(inherited) @executable_path/Frameworks @loader_path/Frameworks";
				PRODUCT_BUNDLE_IDENTIFIER = CX.Coupcon.CoupConUITests;
				PRODUCT_NAME = CoupoconTests;
				TEST_TARGET_NAME = CoupCon;
			};
			name = Release;
		};
/* End XCBuildConfiguration section */

/* Begin XCConfigurationList section */
		18C90BFB1DAF78DF0053F8D7 /* Build configuration list for PBXProject "Coupocon" */ = {
			isa = XCConfigurationList;
			buildConfigurations = (
				18C90C291DAF78DF0053F8D7 /* Debug */,
				18C90C2A1DAF78DF0053F8D7 /* Release */,
			);
			defaultConfigurationIsVisible = 0;
			defaultConfigurationName = Release;
		};
		18C90C2B1DAF78DF0053F8D7 /* Build configuration list for PBXNativeTarget "Coupocon" */ = {
			isa = XCConfigurationList;
			buildConfigurations = (
				18C90C2C1DAF78DF0053F8D7 /* Debug */,
				18C90C2D1DAF78DF0053F8D7 /* Release */,
			);
			defaultConfigurationIsVisible = 0;
			defaultConfigurationName = Release;
		};
		18C90C2E1DAF78DF0053F8D7 /* Build configuration list for PBXNativeTarget "CoupoconTests" */ = {
			isa = XCConfigurationList;
			buildConfigurations = (
				18C90C2F1DAF78DF0053F8D7 /* Debug */,
				18C90C301DAF78DF0053F8D7 /* Release */,
			);
			defaultConfigurationIsVisible = 0;
			defaultConfigurationName = Release;
		};
		18C90C311DAF78DF0053F8D7 /* Build configuration list for PBXNativeTarget "CoupoconUITests" */ = {
			isa = XCConfigurationList;
			buildConfigurations = (
				18C90C321DAF78DF0053F8D7 /* Debug */,
				18C90C331DAF78DF0053F8D7 /* Release */,
			);
			defaultConfigurationIsVisible = 0;
			defaultConfigurationName = Release;
		};
/* End XCConfigurationList section */

/* Begin XCVersionGroup section */
		18C90C0A1DAF78DF0053F8D7 /* CoupCon.xcdatamodeld */ = {
			isa = XCVersionGroup;
			children = (
				18C90C0B1DAF78DF0053F8D7 /* CoupCon.xcdatamodel */,
			);
			currentVersion = 18C90C0B1DAF78DF0053F8D7 /* CoupCon.xcdatamodel */;
			path = CoupCon.xcdatamodeld;
			sourceTree = "<group>";
			versionGroupType = wrapper.xcdatamodel;
		};
/* End XCVersionGroup section */
	};
	rootObject = 18C90BF81DAF78DF0053F8D7 /* Project object */;
}
